// !$*UTF8*$!
{
	archiveVersion = 1;
	classes = {
	};
	objectVersion = 46;
	objects = {

/* Begin PBXBuildFile section */
		8B19F9BB17A0F52A00CF2365 /* gutcpinjectionwhiteboardobject.h in Headers */ = {isa = PBXBuildFile; fileRef = 8B19F9BA17A0F52A00CF2365 /* gutcpinjectionwhiteboardobject.h */; };
		8B19F9BD17A0F63E00CF2365 /* tcp_config.h in Headers */ = {isa = PBXBuildFile; fileRef = 8B19F9BC17A0F63E00CF2365 /* tcp_config.h */; };
		8B19F9C017A2349600CF2365 /* tcp_receiver.cpp in Sources */ = {isa = PBXBuildFile; fileRef = 8B19F9BE17A2349600CF2365 /* tcp_receiver.cpp */; };
		8B19F9C117A2349600CF2365 /* tcp_receiver.h in Headers */ = {isa = PBXBuildFile; fileRef = 8B19F9BF17A2349600CF2365 /* tcp_receiver.h */; };
		8B19F9C317A772C400CF2365 /* gutcpinjectionwhiteboardobject.cpp in Sources */ = {isa = PBXBuildFile; fileRef = 8B19F9C217A772C400CF2365 /* gutcpinjectionwhiteboardobject.cpp */; };
		C31EE6AE155BA7DF00D55934 /* guudpBroadcaster.cpp in Sources */ = {isa = PBXBuildFile; fileRef = C33D92BD150491F500524671 /* guudpBroadcaster.cpp */; };
		C31EE6AF155BA7DF00D55934 /* guudpListener.cpp in Sources */ = {isa = PBXBuildFile; fileRef = C33D92BF150491F500524671 /* guudpListener.cpp */; };
		C31EE6B0155BA7DF00D55934 /* guudpManager.cpp in Sources */ = {isa = PBXBuildFile; fileRef = C33D92C1150491F500524671 /* guudpManager.cpp */; };
		C31EE6B1155BA7DF00D55934 /* guudpUtil.cpp in Sources */ = {isa = PBXBuildFile; fileRef = C33D92C4150491F500524671 /* guudpUtil.cpp */; };
		C31EE6B4155BA83B00D55934 /* gu_util.cpp in Sources */ = {isa = PBXBuildFile; fileRef = C31EE6B3155BA83B00D55934 /* gu_util.cpp */; };
		C32D01E616CA0880002561B7 /* guwhiteboardtypelist_c_generated.h in Headers */ = {isa = PBXBuildFile; fileRef = C32D01E516CA0880002561B7 /* guwhiteboardtypelist_c_generated.h */; };
		C34904FC1715246900242DD7 /* NAO_State.h in Headers */ = {isa = PBXBuildFile; fileRef = C34904FA1715246900242DD7 /* NAO_State.h */; };
		C34904FD1715246900242DD7 /* Point2D.h in Headers */ = {isa = PBXBuildFile; fileRef = C34904FB1715246900242DD7 /* Point2D.h */; };
		C372CAE71700133B007EB2E0 /* SENSORS_BodySensors.h in Headers */ = {isa = PBXBuildFile; fileRef = C372CAE41700133B007EB2E0 /* SENSORS_BodySensors.h */; };
		C372CAE81700133B007EB2E0 /* SENSORS_FootSensors.h in Headers */ = {isa = PBXBuildFile; fileRef = C372CAE51700133B007EB2E0 /* SENSORS_FootSensors.h */; };
		C372CAE91700133B007EB2E0 /* SENSORS_LedsSensors.h in Headers */ = {isa = PBXBuildFile; fileRef = C372CAE61700133B007EB2E0 /* SENSORS_LedsSensors.h */; };
		C372CAEB1700142D007EB2E0 /* SENSORS_SonarSensors.h in Headers */ = {isa = PBXBuildFile; fileRef = C372CAEA1700142C007EB2E0 /* SENSORS_SonarSensors.h */; };
		C372CAED170017E9007EB2E0 /* SENSORS_TorsoJointSensors.h in Headers */ = {isa = PBXBuildFile; fileRef = C372CAEC170017E9007EB2E0 /* SENSORS_TorsoJointSensors.h */; };
		C372CAEF17001939007EB2E0 /* SENSORS_LegJointSensors.h in Headers */ = {isa = PBXBuildFile; fileRef = C372CAEE17001939007EB2E0 /* SENSORS_LegJointSensors.h */; };
		C372CAF21700198C007EB2E0 /* SENSORS_LegJointTemps.h in Headers */ = {isa = PBXBuildFile; fileRef = C372CAF01700198B007EB2E0 /* SENSORS_LegJointTemps.h */; };
		C372CAF31700198C007EB2E0 /* SENSORS_TorsoJointTemps.h in Headers */ = {isa = PBXBuildFile; fileRef = C372CAF11700198B007EB2E0 /* SENSORS_TorsoJointTemps.h */; };
		C378DFF416C4A48700CF6983 /* Whiteboard.cc in Sources */ = {isa = PBXBuildFile; fileRef = F1F4536314A1226D005C40A6 /* Whiteboard.cc */; };
		C378DFF516C4A48800CF6983 /* Whiteboard.cc in Sources */ = {isa = PBXBuildFile; fileRef = F1F4536314A1226D005C40A6 /* Whiteboard.cc */; };
		C39197A31693DDA200E5D0C6 /* (null) in Headers */ = {isa = PBXBuildFile; };
		C3AC9C97171E80C000DF3997 /* MOTION_Interface.h in Headers */ = {isa = PBXBuildFile; fileRef = C3AC9C96171E80C000DF3997 /* MOTION_Interface.h */; };
		C3B8CE39170BE5C400846B9C /* WALK_ControlStatus.h in Headers */ = {isa = PBXBuildFile; fileRef = C3B8CE38170BE5C400846B9C /* WALK_ControlStatus.h */; };
		C3BEDEE61693EADD00119F2E /* guudpSerialize.h in Headers */ = {isa = PBXBuildFile; fileRef = C3BEDEE41693EADD00119F2E /* guudpSerialize.h */; };
		C3D04F8916F961F30061D0BB /* HAL_HeadTarget.h in Headers */ = {isa = PBXBuildFile; fileRef = C3D04F8816F961F30061D0BB /* HAL_HeadTarget.h */; };
		C3DE479816D5FD950098F502 /* gugenericwhiteboardobject.cpp in Sources */ = {isa = PBXBuildFile; fileRef = C3DE479716D5FD950098F502 /* gugenericwhiteboardobject.cpp */; };
		C3DE479916D5FD950098F502 /* gugenericwhiteboardobject.cpp in Sources */ = {isa = PBXBuildFile; fileRef = C3DE479716D5FD950098F502 /* gugenericwhiteboardobject.cpp */; };
		C3DE479A16D604C00098F502 /* gu_util.cpp in Sources */ = {isa = PBXBuildFile; fileRef = C31EE6B3155BA83B00D55934 /* gu_util.cpp */; };
		C3FCE01314FF248B003AC195 /* RemoteWhiteboard.h in Headers */ = {isa = PBXBuildFile; fileRef = C3FCE01114FF248B003AC195 /* RemoteWhiteboard.h */; };
		F11BC0BF176123DB0069F6FB /* main.cpp in Sources */ = {isa = PBXBuildFile; fileRef = F11BC0BE176123DB0069F6FB /* main.cpp */; };
		F11BC0C1176123DB0069F6FB /* guudpwhiteboard.1 in CopyFiles */ = {isa = PBXBuildFile; fileRef = F11BC0C0176123DB0069F6FB /* guudpwhiteboard.1 */; };
		F11BC0C5176124510069F6FB /* udp_util.cpp in Sources */ = {isa = PBXBuildFile; fileRef = 8B6870611757080C00A13AAE /* udp_util.cpp */; };
		F11BC0C6176124510069F6FB /* udp_sender.cpp in Sources */ = {isa = PBXBuildFile; fileRef = 8B6870761758562A00A13AAE /* udp_sender.cpp */; };
		F11BC0C7176124510069F6FB /* udp_receiver.cpp in Sources */ = {isa = PBXBuildFile; fileRef = 8B68708B175EE1AA00A13AAE /* udp_receiver.cpp */; };
		F11BC0CA1761247F0069F6FB /* libgusimplewhiteboard.a in Frameworks */ = {isa = PBXBuildFile; fileRef = F14C46AF14A064D8006B6953 /* libgusimplewhiteboard.a */; };
		F11BC114176124D50069F6FB /* gu_util.cpp in Sources */ = {isa = PBXBuildFile; fileRef = F11BC0FF176124CB0069F6FB /* gu_util.cpp */; };
		F14514821760339E002DBD38 /* guwhiteboardtypelist_c_typestrings_generated.c in Sources */ = {isa = PBXBuildFile; fileRef = F14514811760339E002DBD38 /* guwhiteboardtypelist_c_typestrings_generated.c */; };
		F14514831760339E002DBD38 /* guwhiteboardtypelist_c_typestrings_generated.c in Sources */ = {isa = PBXBuildFile; fileRef = F14514811760339E002DBD38 /* guwhiteboardtypelist_c_typestrings_generated.c */; };
		F14C46C414A07024006B6953 /* gusimplewhiteboard.c in Sources */ = {isa = PBXBuildFile; fileRef = F14C46C314A07024006B6953 /* gusimplewhiteboard.c */; };
		F166897D155CBBF400AFA55E /* gu_util.cpp in Sources */ = {isa = PBXBuildFile; fileRef = F166897C155CBBF400AFA55E /* gu_util.cpp */; };
		F166897E155CBBF400AFA55E /* gu_util.cpp in Sources */ = {isa = PBXBuildFile; fileRef = F166897C155CBBF400AFA55E /* gu_util.cpp */; };
		F1668980155CBC2400AFA55E /* gu_util.cpp in Sources */ = {isa = PBXBuildFile; fileRef = F166897C155CBBF400AFA55E /* gu_util.cpp */; };
		F1668981155CBC3200AFA55E /* RemoteWhiteboard.cc in Sources */ = {isa = PBXBuildFile; fileRef = C3FCE01014FF248B003AC195 /* RemoteWhiteboard.cc */; };
		F17380BD16CA032F00485FD8 /* guudpSerialize.c in Sources */ = {isa = PBXBuildFile; fileRef = F17380BC16CA032F00485FD8 /* guudpSerialize.c */; };
		F17380BF16CA035100485FD8 /* guudpWhiteboardLayer.cpp in Sources */ = {isa = PBXBuildFile; fileRef = F17380BE16CA035100485FD8 /* guudpWhiteboardLayer.cpp */; };
		F1C94D6B1555CA8E00B717DF /* ObjCWhiteboard.mm in Sources */ = {isa = PBXBuildFile; fileRef = F1C94D6A1555CA8E00B717DF /* ObjCWhiteboard.mm */; };
		F1C94D721555CA8E00B717DF /* SenTestingKit.framework in Frameworks */ = {isa = PBXBuildFile; fileRef = F1D925F214A13BAA00BDAEED /* SenTestingKit.framework */; };
		F1C94D731555CA8E00B717DF /* Cocoa.framework in Frameworks */ = {isa = PBXBuildFile; fileRef = F1D925F414A13BAA00BDAEED /* Cocoa.framework */; };
		F1C94D761555CA8E00B717DF /* libguobjcwhiteboard.a in Frameworks */ = {isa = PBXBuildFile; fileRef = F1C94D641555CA8E00B717DF /* libguobjcwhiteboard.a */; };
		F1C94D7C1555CA8E00B717DF /* InfoPlist.strings in Resources */ = {isa = PBXBuildFile; fileRef = F1C94D7A1555CA8E00B717DF /* InfoPlist.strings */; };
		F1C94D7F1555CA8E00B717DF /* guobjcwhiteboardTests.m in Sources */ = {isa = PBXBuildFile; fileRef = F1C94D7E1555CA8E00B717DF /* guobjcwhiteboardTests.m */; };
		F1C94D881555CD0500B717DF /* Foundation.framework in Frameworks */ = {isa = PBXBuildFile; fileRef = F1C94D871555CD0500B717DF /* Foundation.framework */; };
		F1C94D891555CD0B00B717DF /* libgusimplewhiteboard.a in Frameworks */ = {isa = PBXBuildFile; fileRef = F14C46AF14A064D8006B6953 /* libgusimplewhiteboard.a */; };
		F1C94DA51555D3C300B717DF /* Foundation.framework in Frameworks */ = {isa = PBXBuildFile; fileRef = F1C94DA41555D3C300B717DF /* Foundation.framework */; };
		F1C94DAB1555D3C300B717DF /* gusimplewhiteboardios.m in Sources */ = {isa = PBXBuildFile; fileRef = F1C94DAA1555D3C300B717DF /* gusimplewhiteboardios.m */; };
		F1C94DAF1555D3F500B717DF /* gusimplewhiteboard.c in Sources */ = {isa = PBXBuildFile; fileRef = F14C46C314A07024006B6953 /* gusimplewhiteboard.c */; };
		F1C94DB01555D3F500B717DF /* RemoteWhiteboard.cc in Sources */ = {isa = PBXBuildFile; fileRef = C3FCE01014FF248B003AC195 /* RemoteWhiteboard.cc */; };
		F1C94DB31555D40200B717DF /* ObjCWhiteboard.mm in Sources */ = {isa = PBXBuildFile; fileRef = F1C94D6A1555CA8E00B717DF /* ObjCWhiteboard.mm */; };
		F1C94DB41555D44D00B717DF /* guudpBroadcaster.cpp in Sources */ = {isa = PBXBuildFile; fileRef = C33D92BD150491F500524671 /* guudpBroadcaster.cpp */; };
		F1C94DB51555D44D00B717DF /* guudpListener.cpp in Sources */ = {isa = PBXBuildFile; fileRef = C33D92BF150491F500524671 /* guudpListener.cpp */; };
		F1C94DB61555D44D00B717DF /* guudpManager.cpp in Sources */ = {isa = PBXBuildFile; fileRef = C33D92C1150491F500524671 /* guudpManager.cpp */; };
		F1C94DB71555D44D00B717DF /* guudpUtil.cpp in Sources */ = {isa = PBXBuildFile; fileRef = C33D92C4150491F500524671 /* guudpUtil.cpp */; };
		F1C94DE81555D78400B717DF /* libc++.dylib in Frameworks */ = {isa = PBXBuildFile; fileRef = F1C94DE71555D78400B717DF /* libc++.dylib */; };
		F1D925F314A13BAA00BDAEED /* SenTestingKit.framework in Frameworks */ = {isa = PBXBuildFile; fileRef = F1D925F214A13BAA00BDAEED /* SenTestingKit.framework */; };
		F1D925F514A13BAA00BDAEED /* Cocoa.framework in Frameworks */ = {isa = PBXBuildFile; fileRef = F1D925F414A13BAA00BDAEED /* Cocoa.framework */; };
		F1D925FF14A13BAA00BDAEED /* InfoPlist.strings in Resources */ = {isa = PBXBuildFile; fileRef = F1D925FD14A13BAA00BDAEED /* InfoPlist.strings */; };
		F1D9260214A13BAA00BDAEED /* SimpleWhiteboardTest.mm in Sources */ = {isa = PBXBuildFile; fileRef = F1D9260114A13BAA00BDAEED /* SimpleWhiteboardTest.mm */; };
		F1D9260A14A13BCD00BDAEED /* libgusimplewhiteboard.a in Frameworks */ = {isa = PBXBuildFile; fileRef = F14C46AF14A064D8006B6953 /* libgusimplewhiteboard.a */; };
		F1D9265A14A151C500BDAEED /* WBFunctor.h in Headers */ = {isa = PBXBuildFile; fileRef = F1D9265914A151C500BDAEED /* WBFunctor.h */; };
		F1F0A2881729F81900194F59 /* guwhiteboardposter.h in Headers */ = {isa = PBXBuildFile; fileRef = F1F0A2871729F81900194F59 /* guwhiteboardposter.h */; };
/* End PBXBuildFile section */

/* Begin PBXContainerItemProxy section */
		F11BC0C8176124760069F6FB /* PBXContainerItemProxy */ = {
			isa = PBXContainerItemProxy;
			containerPortal = F14C46A614A064D8006B6953 /* Project object */;
			proxyType = 1;
			remoteGlobalIDString = F14C46AE14A064D8006B6953;
			remoteInfo = gusimplewhiteboard;
		};
		F1C94D741555CA8E00B717DF /* PBXContainerItemProxy */ = {
			isa = PBXContainerItemProxy;
			containerPortal = F14C46A614A064D8006B6953 /* Project object */;
			proxyType = 1;
			remoteGlobalIDString = F1C94D631555CA8E00B717DF;
			remoteInfo = guobjcwhiteboard;
		};
		F1C94D8A1555CD1E00B717DF /* PBXContainerItemProxy */ = {
			isa = PBXContainerItemProxy;
			containerPortal = F14C46A614A064D8006B6953 /* Project object */;
			proxyType = 1;
			remoteGlobalIDString = F14C46AE14A064D8006B6953;
			remoteInfo = gusimplewhiteboard;
		};
		F1D9260814A13BC200BDAEED /* PBXContainerItemProxy */ = {
			isa = PBXContainerItemProxy;
			containerPortal = F14C46A614A064D8006B6953 /* Project object */;
			proxyType = 1;
			remoteGlobalIDString = F14C46AE14A064D8006B6953;
			remoteInfo = gusimplewhiteboard;
		};
/* End PBXContainerItemProxy section */

/* Begin PBXCopyFilesBuildPhase section */
		F11BC0BA176123DB0069F6FB /* CopyFiles */ = {
			isa = PBXCopyFilesBuildPhase;
			buildActionMask = 2147483647;
			dstPath = /usr/share/man/man1/;
			dstSubfolderSpec = 0;
			files = (
				F11BC0C1176123DB0069F6FB /* guudpwhiteboard.1 in CopyFiles */,
			);
			runOnlyForDeploymentPostprocessing = 1;
		};
/* End PBXCopyFilesBuildPhase section */

/* Begin PBXFileReference section */
		8B19F9BA17A0F52A00CF2365 /* gutcpinjectionwhiteboardobject.h */ = {isa = PBXFileReference; fileEncoding = 4; lastKnownFileType = sourcecode.c.h; path = gutcpinjectionwhiteboardobject.h; sourceTree = "<group>"; };
		8B19F9BC17A0F63E00CF2365 /* tcp_config.h */ = {isa = PBXFileReference; fileEncoding = 4; lastKnownFileType = sourcecode.c.h; path = tcp_config.h; sourceTree = "<group>"; };
		8B19F9BE17A2349600CF2365 /* tcp_receiver.cpp */ = {isa = PBXFileReference; fileEncoding = 4; lastKnownFileType = sourcecode.cpp.cpp; path = tcp_receiver.cpp; sourceTree = "<group>"; };
		8B19F9BF17A2349600CF2365 /* tcp_receiver.h */ = {isa = PBXFileReference; fileEncoding = 4; lastKnownFileType = sourcecode.c.h; path = tcp_receiver.h; sourceTree = "<group>"; };
		8B19F9C217A772C400CF2365 /* gutcpinjectionwhiteboardobject.cpp */ = {isa = PBXFileReference; fileEncoding = 4; lastKnownFileType = sourcecode.cpp.cpp; path = gutcpinjectionwhiteboardobject.cpp; sourceTree = "<group>"; };
		8B68705E1757080C00A13AAE /* main.cpp */ = {isa = PBXFileReference; lastKnownFileType = sourcecode.cpp.cpp; path = main.cpp; sourceTree = "<group>"; };
		8B68705F1757080C00A13AAE /* Makefile */ = {isa = PBXFileReference; lastKnownFileType = sourcecode.make; path = Makefile; sourceTree = "<group>"; };
		8B6870601757080C00A13AAE /* udp_config.h */ = {isa = PBXFileReference; lastKnownFileType = sourcecode.c.h; path = udp_config.h; sourceTree = "<group>"; };
		8B6870611757080C00A13AAE /* udp_util.cpp */ = {isa = PBXFileReference; lastKnownFileType = sourcecode.cpp.cpp; path = udp_util.cpp; sourceTree = "<group>"; };
		8B6870621757080C00A13AAE /* udp_util.h */ = {isa = PBXFileReference; lastKnownFileType = sourcecode.c.h; path = udp_util.h; sourceTree = "<group>"; };
		8B6870761758562A00A13AAE /* udp_sender.cpp */ = {isa = PBXFileReference; lastKnownFileType = sourcecode.cpp.cpp; path = udp_sender.cpp; sourceTree = "<group>"; };
		8B6870771758562A00A13AAE /* udp_sender.h */ = {isa = PBXFileReference; lastKnownFileType = sourcecode.c.h; path = udp_sender.h; sourceTree = "<group>"; };
		8B68708B175EE1AA00A13AAE /* udp_receiver.cpp */ = {isa = PBXFileReference; lastKnownFileType = sourcecode.cpp.cpp; path = udp_receiver.cpp; sourceTree = "<group>"; };
		8B68708C175EE1AA00A13AAE /* udp_receiver.h */ = {isa = PBXFileReference; lastKnownFileType = sourcecode.c.h; path = udp_receiver.h; sourceTree = "<group>"; };
		8BC60E6F174079FD00800829 /* GNUmakefile */ = {isa = PBXFileReference; lastKnownFileType = text; path = GNUmakefile; sourceTree = "<group>"; };
		C31EE6B3155BA83B00D55934 /* gu_util.cpp */ = {isa = PBXFileReference; fileEncoding = 4; lastKnownFileType = sourcecode.cpp.cpp; name = gu_util.cpp; path = ../../Common/gu_util.cpp; sourceTree = "<group>"; };
		C32D01E516CA0880002561B7 /* guwhiteboardtypelist_c_generated.h */ = {isa = PBXFileReference; fileEncoding = 4; lastKnownFileType = sourcecode.c.h; path = guwhiteboardtypelist_c_generated.h; sourceTree = "<group>"; };
		C32D01E816CA0A50002561B7 /* guwhiteboardtypegenerator.cpp */ = {isa = PBXFileReference; lastKnownFileType = sourcecode.cpp.cpp; path = guwhiteboardtypegenerator.cpp; sourceTree = "<group>"; };
		C33D92BD150491F500524671 /* guudpBroadcaster.cpp */ = {isa = PBXFileReference; lastKnownFileType = sourcecode.cpp.cpp; path = guudpBroadcaster.cpp; sourceTree = "<group>"; };
		C33D92BE150491F500524671 /* guudpBroadcaster.h */ = {isa = PBXFileReference; lastKnownFileType = sourcecode.c.h; path = guudpBroadcaster.h; sourceTree = "<group>"; };
		C33D92BF150491F500524671 /* guudpListener.cpp */ = {isa = PBXFileReference; lastKnownFileType = sourcecode.cpp.cpp; path = guudpListener.cpp; sourceTree = "<group>"; };
		C33D92C0150491F500524671 /* guudpListener.h */ = {isa = PBXFileReference; lastKnownFileType = sourcecode.c.h; path = guudpListener.h; sourceTree = "<group>"; };
		C33D92C1150491F500524671 /* guudpManager.cpp */ = {isa = PBXFileReference; lastKnownFileType = sourcecode.cpp.cpp; path = guudpManager.cpp; sourceTree = "<group>"; };
		C33D92C2150491F500524671 /* guudpManager.h */ = {isa = PBXFileReference; lastKnownFileType = sourcecode.c.h; path = guudpManager.h; sourceTree = "<group>"; };
		C33D92C3150491F500524671 /* guudpConfig.h */ = {isa = PBXFileReference; lastKnownFileType = sourcecode.c.h; path = guudpConfig.h; sourceTree = "<group>"; };
		C33D92C4150491F500524671 /* guudpUtil.cpp */ = {isa = PBXFileReference; lastKnownFileType = sourcecode.cpp.cpp; path = guudpUtil.cpp; sourceTree = "<group>"; };
		C33D92C5150491F500524671 /* guudpUtil.h */ = {isa = PBXFileReference; lastKnownFileType = sourcecode.c.h; path = guudpUtil.h; sourceTree = "<group>"; };
		C34904FA1715246900242DD7 /* NAO_State.h */ = {isa = PBXFileReference; fileEncoding = 4; lastKnownFileType = sourcecode.c.h; path = NAO_State.h; sourceTree = "<group>"; };
		C34904FB1715246900242DD7 /* Point2D.h */ = {isa = PBXFileReference; fileEncoding = 4; lastKnownFileType = sourcecode.c.h; path = Point2D.h; sourceTree = "<group>"; };
		C372CAE41700133B007EB2E0 /* SENSORS_BodySensors.h */ = {isa = PBXFileReference; fileEncoding = 4; lastKnownFileType = sourcecode.c.h; path = SENSORS_BodySensors.h; sourceTree = "<group>"; };
		C372CAE51700133B007EB2E0 /* SENSORS_FootSensors.h */ = {isa = PBXFileReference; fileEncoding = 4; lastKnownFileType = sourcecode.c.h; path = SENSORS_FootSensors.h; sourceTree = "<group>"; };
		C372CAE61700133B007EB2E0 /* SENSORS_LedsSensors.h */ = {isa = PBXFileReference; fileEncoding = 4; lastKnownFileType = sourcecode.c.h; path = SENSORS_LedsSensors.h; sourceTree = "<group>"; };
		C372CAEA1700142C007EB2E0 /* SENSORS_SonarSensors.h */ = {isa = PBXFileReference; fileEncoding = 4; lastKnownFileType = sourcecode.c.h; path = SENSORS_SonarSensors.h; sourceTree = "<group>"; };
		C372CAEC170017E9007EB2E0 /* SENSORS_TorsoJointSensors.h */ = {isa = PBXFileReference; fileEncoding = 4; lastKnownFileType = sourcecode.c.h; path = SENSORS_TorsoJointSensors.h; sourceTree = "<group>"; };
		C372CAEE17001939007EB2E0 /* SENSORS_LegJointSensors.h */ = {isa = PBXFileReference; fileEncoding = 4; lastKnownFileType = sourcecode.c.h; path = SENSORS_LegJointSensors.h; sourceTree = "<group>"; };
		C372CAF01700198B007EB2E0 /* SENSORS_LegJointTemps.h */ = {isa = PBXFileReference; fileEncoding = 4; lastKnownFileType = sourcecode.c.h; path = SENSORS_LegJointTemps.h; sourceTree = "<group>"; };
		C372CAF11700198B007EB2E0 /* SENSORS_TorsoJointTemps.h */ = {isa = PBXFileReference; fileEncoding = 4; lastKnownFileType = sourcecode.c.h; path = SENSORS_TorsoJointTemps.h; sourceTree = "<group>"; };
		C397BA661519A89F00FEFB05 /* iOSWhiteboard.cc */ = {isa = PBXFileReference; lastKnownFileType = sourcecode.cpp.cpp; path = iOSWhiteboard.cc; sourceTree = "<group>"; };
		C397BA671519A89F00FEFB05 /* iOSWhiteboard.h */ = {isa = PBXFileReference; lastKnownFileType = sourcecode.c.h; path = iOSWhiteboard.h; sourceTree = "<group>"; };
		C3AC9C96171E80C000DF3997 /* MOTION_Interface.h */ = {isa = PBXFileReference; fileEncoding = 4; lastKnownFileType = sourcecode.c.h; path = MOTION_Interface.h; sourceTree = "<group>"; };
		C3B8CE38170BE5C400846B9C /* WALK_ControlStatus.h */ = {isa = PBXFileReference; fileEncoding = 4; lastKnownFileType = sourcecode.c.h; path = WALK_ControlStatus.h; sourceTree = "<group>"; };
		C3BE8AE816CB27CF004BFE81 /* guudpSerialize.c */ = {isa = PBXFileReference; lastKnownFileType = sourcecode.c.c; path = guudpSerialize.c; sourceTree = "<group>"; };
		C3BE8AE916CB27CF004BFE81 /* guudpSerialize.h */ = {isa = PBXFileReference; lastKnownFileType = sourcecode.c.h; path = guudpSerialize.h; sourceTree = "<group>"; };
		C3BE8AEA16CB27CF004BFE81 /* guudpWhiteboardLayer.cpp */ = {isa = PBXFileReference; lastKnownFileType = sourcecode.cpp.cpp; path = guudpWhiteboardLayer.cpp; sourceTree = "<group>"; };
		C3BE8AEB16CB27CF004BFE81 /* guudpWhiteboardLayer.h */ = {isa = PBXFileReference; lastKnownFileType = sourcecode.c.h; path = guudpWhiteboardLayer.h; sourceTree = "<group>"; };
		C3BEDEE41693EADD00119F2E /* guudpSerialize.h */ = {isa = PBXFileReference; fileEncoding = 4; lastKnownFileType = sourcecode.c.h; path = guudpSerialize.h; sourceTree = "<group>"; };
		C3D04F8816F961F30061D0BB /* HAL_HeadTarget.h */ = {isa = PBXFileReference; fileEncoding = 4; lastKnownFileType = sourcecode.c.h; path = HAL_HeadTarget.h; sourceTree = "<group>"; };
		C3DE476016D1E0250098F502 /* guwhiteboardtypelist.tsl */ = {isa = PBXFileReference; lastKnownFileType = text; path = guwhiteboardtypelist.tsl; sourceTree = "<group>"; };
		C3DE478C16D3447B0098F502 /* WBFunctor_types_generated.h */ = {isa = PBXFileReference; lastKnownFileType = sourcecode.c.h; path = WBFunctor_types_generated.h; sourceTree = "<group>"; };
		C3DE479716D5FD950098F502 /* gugenericwhiteboardobject.cpp */ = {isa = PBXFileReference; fileEncoding = 4; lastKnownFileType = sourcecode.cpp.cpp; path = gugenericwhiteboardobject.cpp; sourceTree = "<group>"; };
		C3EC3C5716A67DBC002FF8D4 /* gugenericwhiteboardobject.h */ = {isa = PBXFileReference; fileEncoding = 4; lastKnownFileType = sourcecode.c.h; path = gugenericwhiteboardobject.h; sourceTree = "<group>"; };
		C3EC3D0016A7995A002FF8D4 /* guwhiteboardtypelist_generated.h */ = {isa = PBXFileReference; fileEncoding = 4; lastKnownFileType = sourcecode.c.h; path = guwhiteboardtypelist_generated.h; sourceTree = "<group>"; };
		C3EC3D0D16AD2158002FF8D4 /* guwhiteboardwatcher.h */ = {isa = PBXFileReference; lastKnownFileType = sourcecode.c.h; lineEnding = 0; path = guwhiteboardwatcher.h; sourceTree = "<group>"; };
		C3FCE01014FF248B003AC195 /* RemoteWhiteboard.cc */ = {isa = PBXFileReference; fileEncoding = 4; lastKnownFileType = sourcecode.cpp.cpp; path = RemoteWhiteboard.cc; sourceTree = "<group>"; };
		C3FCE01114FF248B003AC195 /* RemoteWhiteboard.h */ = {isa = PBXFileReference; fileEncoding = 4; lastKnownFileType = sourcecode.c.h; path = RemoteWhiteboard.h; sourceTree = "<group>"; };
		F11BC0BC176123DB0069F6FB /* guudpwhiteboard */ = {isa = PBXFileReference; explicitFileType = "compiled.mach-o.executable"; includeInIndex = 0; path = guudpwhiteboard; sourceTree = BUILT_PRODUCTS_DIR; };
		F11BC0BE176123DB0069F6FB /* main.cpp */ = {isa = PBXFileReference; lastKnownFileType = sourcecode.cpp.cpp; path = main.cpp; sourceTree = "<group>"; };
		F11BC0C0176123DB0069F6FB /* guudpwhiteboard.1 */ = {isa = PBXFileReference; lastKnownFileType = text.man; path = guudpwhiteboard.1; sourceTree = "<group>"; };
		F11BC0CC176124CB0069F6FB /* AlgUtil.cpp */ = {isa = PBXFileReference; lastKnownFileType = sourcecode.cpp.cpp; path = AlgUtil.cpp; sourceTree = "<group>"; };
		F11BC0CD176124CB0069F6FB /* AlgUtil.h */ = {isa = PBXFileReference; lastKnownFileType = sourcecode.c.h; path = AlgUtil.h; sourceTree = "<group>"; };
		F11BC0D0176124CB0069F6FB /* client.h */ = {isa = PBXFileReference; lastKnownFileType = sourcecode.c.h; path = client.h; sourceTree = "<group>"; };
		F11BC0D1176124CB0069F6FB /* lookup.h */ = {isa = PBXFileReference; lastKnownFileType = sourcecode.c.h; path = lookup.h; sourceTree = "<group>"; };
		F11BC0D2176124CB0069F6FB /* publish.h */ = {isa = PBXFileReference; lastKnownFileType = sourcecode.c.h; path = publish.h; sourceTree = "<group>"; };
		F11BC0D4176124CB0069F6FB /* address.h */ = {isa = PBXFileReference; lastKnownFileType = sourcecode.c.h; path = address.h; sourceTree = "<group>"; };
		F11BC0D5176124CB0069F6FB /* alternative.h */ = {isa = PBXFileReference; lastKnownFileType = sourcecode.c.h; path = alternative.h; sourceTree = "<group>"; };
		F11BC0D6176124CB0069F6FB /* cdecl.h */ = {isa = PBXFileReference; lastKnownFileType = sourcecode.c.h; path = cdecl.h; sourceTree = "<group>"; };
		F11BC0D7176124CB0069F6FB /* defs.h */ = {isa = PBXFileReference; lastKnownFileType = sourcecode.c.h; path = defs.h; sourceTree = "<group>"; };
		F11BC0D8176124CB0069F6FB /* domain.h */ = {isa = PBXFileReference; lastKnownFileType = sourcecode.c.h; path = domain.h; sourceTree = "<group>"; };
		F11BC0D9176124CB0069F6FB /* error.h */ = {isa = PBXFileReference; lastKnownFileType = sourcecode.c.h; path = error.h; sourceTree = "<group>"; };
		F11BC0DA176124CB0069F6FB /* gccmacro.h */ = {isa = PBXFileReference; lastKnownFileType = sourcecode.c.h; path = gccmacro.h; sourceTree = "<group>"; };
		F11BC0DB176124CB0069F6FB /* llist.h */ = {isa = PBXFileReference; lastKnownFileType = sourcecode.c.h; path = llist.h; sourceTree = "<group>"; };
		F11BC0DC176124CB0069F6FB /* malloc.h */ = {isa = PBXFileReference; lastKnownFileType = sourcecode.c.h; path = malloc.h; sourceTree = "<group>"; };
		F11BC0DD176124CB0069F6FB /* rlist.h */ = {isa = PBXFileReference; lastKnownFileType = sourcecode.c.h; path = rlist.h; sourceTree = "<group>"; };
		F11BC0DE176124CB0069F6FB /* simple-watch.h */ = {isa = PBXFileReference; lastKnownFileType = sourcecode.c.h; path = "simple-watch.h"; sourceTree = "<group>"; };
		F11BC0DF176124CB0069F6FB /* strlst.h */ = {isa = PBXFileReference; lastKnownFileType = sourcecode.c.h; path = strlst.h; sourceTree = "<group>"; };
		F11BC0E0176124CB0069F6FB /* thread-watch.h */ = {isa = PBXFileReference; lastKnownFileType = sourcecode.c.h; path = "thread-watch.h"; sourceTree = "<group>"; };
		F11BC0E1176124CB0069F6FB /* timeval.h */ = {isa = PBXFileReference; lastKnownFileType = sourcecode.c.h; path = timeval.h; sourceTree = "<group>"; };
		F11BC0E2176124CB0069F6FB /* watch.h */ = {isa = PBXFileReference; lastKnownFileType = sourcecode.c.h; path = watch.h; sourceTree = "<group>"; };
		F11BC0E4176124CB0069F6FB /* dns_sd.h */ = {isa = PBXFileReference; lastKnownFileType = sourcecode.c.h; path = dns_sd.h; sourceTree = "<group>"; };
		F11BC0E6176124CB0069F6FB /* core.h */ = {isa = PBXFileReference; lastKnownFileType = sourcecode.c.h; path = core.h; sourceTree = "<group>"; };
		F11BC0E7176124CB0069F6FB /* log.h */ = {isa = PBXFileReference; lastKnownFileType = sourcecode.c.h; path = log.h; sourceTree = "<group>"; };
		F11BC0E8176124CB0069F6FB /* lookup.h */ = {isa = PBXFileReference; lastKnownFileType = sourcecode.c.h; path = lookup.h; sourceTree = "<group>"; };
		F11BC0E9176124CB0069F6FB /* publish.h */ = {isa = PBXFileReference; lastKnownFileType = sourcecode.c.h; path = publish.h; sourceTree = "<group>"; };
		F11BC0EA176124CB0069F6FB /* rr.h */ = {isa = PBXFileReference; lastKnownFileType = sourcecode.c.h; path = rr.h; sourceTree = "<group>"; };
		F11BC0EC176124CB0069F6FB /* glib-malloc.h */ = {isa = PBXFileReference; lastKnownFileType = sourcecode.c.h; path = "glib-malloc.h"; sourceTree = "<group>"; };
		F11BC0ED176124CB0069F6FB /* glib-watch.h */ = {isa = PBXFileReference; lastKnownFileType = sourcecode.c.h; path = "glib-watch.h"; sourceTree = "<group>"; };
		F11BC0EF176124CB0069F6FB /* ga-client.h */ = {isa = PBXFileReference; lastKnownFileType = sourcecode.c.h; path = "ga-client.h"; sourceTree = "<group>"; };
		F11BC0F0176124CB0069F6FB /* ga-entry-group.h */ = {isa = PBXFileReference; lastKnownFileType = sourcecode.c.h; path = "ga-entry-group.h"; sourceTree = "<group>"; };
		F11BC0F1176124CB0069F6FB /* ga-enums.h */ = {isa = PBXFileReference; lastKnownFileType = sourcecode.c.h; path = "ga-enums.h"; sourceTree = "<group>"; };
		F11BC0F2176124CB0069F6FB /* ga-error.h */ = {isa = PBXFileReference; lastKnownFileType = sourcecode.c.h; path = "ga-error.h"; sourceTree = "<group>"; };
		F11BC0F3176124CB0069F6FB /* ga-record-browser.h */ = {isa = PBXFileReference; lastKnownFileType = sourcecode.c.h; path = "ga-record-browser.h"; sourceTree = "<group>"; };
		F11BC0F4176124CB0069F6FB /* ga-service-browser.h */ = {isa = PBXFileReference; lastKnownFileType = sourcecode.c.h; path = "ga-service-browser.h"; sourceTree = "<group>"; };
		F11BC0F5176124CB0069F6FB /* ga-service-resolver.h */ = {isa = PBXFileReference; lastKnownFileType = sourcecode.c.h; path = "ga-service-resolver.h"; sourceTree = "<group>"; };
		F11BC0F6176124CB0069F6FB /* Avahi_Browser.cpp */ = {isa = PBXFileReference; lastKnownFileType = sourcecode.cpp.cpp; path = Avahi_Browser.cpp; sourceTree = "<group>"; };
		F11BC0F7176124CB0069F6FB /* Bonjour_Browser.cpp */ = {isa = PBXFileReference; lastKnownFileType = sourcecode.cpp.cpp; path = Bonjour_Browser.cpp; sourceTree = "<group>"; };
		F11BC0F8176124CB0069F6FB /* BallInfo.cpp */ = {isa = PBXFileReference; lastKnownFileType = sourcecode.cpp.cpp; path = BallInfo.cpp; sourceTree = "<group>"; };
		F11BC0F9176124CB0069F6FB /* BallInfo.h */ = {isa = PBXFileReference; lastKnownFileType = sourcecode.c.h; path = BallInfo.h; sourceTree = "<group>"; };
		F11BC0FA176124CB0069F6FB /* defines.h */ = {isa = PBXFileReference; lastKnownFileType = sourcecode.c.h; path = defines.h; sourceTree = "<group>"; };
		F11BC0FB176124CB0069F6FB /* DONT_PUT_FILES_HERE */ = {isa = PBXFileReference; lastKnownFileType = text; path = DONT_PUT_FILES_HERE; sourceTree = "<group>"; };
		F11BC0FC176124CB0069F6FB /* forward_kinematics.h */ = {isa = PBXFileReference; lastKnownFileType = sourcecode.c.h; path = forward_kinematics.h; sourceTree = "<group>"; };
		F11BC0FD176124CB0069F6FB /* GoalInfo.cc */ = {isa = PBXFileReference; lastKnownFileType = sourcecode.cpp.cpp; path = GoalInfo.cc; sourceTree = "<group>"; };
		F11BC0FE176124CB0069F6FB /* GoalInfo.h */ = {isa = PBXFileReference; lastKnownFileType = sourcecode.c.h; path = GoalInfo.h; sourceTree = "<group>"; };
		F11BC0FF176124CB0069F6FB /* gu_util.cpp */ = {isa = PBXFileReference; lastKnownFileType = sourcecode.cpp.cpp; path = gu_util.cpp; sourceTree = "<group>"; };
		F11BC100176124CB0069F6FB /* gu_util.h */ = {isa = PBXFileReference; lastKnownFileType = sourcecode.c.h; path = gu_util.h; sourceTree = "<group>"; };
		F11BC101176124CB0069F6FB /* GUData.h */ = {isa = PBXFileReference; lastKnownFileType = sourcecode.c.h; path = GUData.h; sourceTree = "<group>"; };
		F11BC102176124CB0069F6FB /* GUsem.c */ = {isa = PBXFileReference; lastKnownFileType = sourcecode.c.c; path = GUsem.c; sourceTree = "<group>"; };
		F11BC103176124CB0069F6FB /* GUsemaphore.h */ = {isa = PBXFileReference; lastKnownFileType = sourcecode.c.h; path = GUsemaphore.h; sourceTree = "<group>"; };
		F11BC104176124CB0069F6FB /* GUStatedModule.cpp */ = {isa = PBXFileReference; lastKnownFileType = sourcecode.cpp.cpp; path = GUStatedModule.cpp; sourceTree = "<group>"; };
		F11BC105176124CB0069F6FB /* GUStatedModule.h */ = {isa = PBXFileReference; lastKnownFileType = sourcecode.c.h; path = GUStatedModule.h; sourceTree = "<group>"; };
		F11BC106176124CB0069F6FB /* math_fnc.cpp */ = {isa = PBXFileReference; lastKnownFileType = sourcecode.cpp.cpp; path = math_fnc.cpp; sourceTree = "<group>"; };
		F11BC107176124CB0069F6FB /* math_fnc.h */ = {isa = PBXFileReference; lastKnownFileType = sourcecode.c.h; path = math_fnc.h; sourceTree = "<group>"; };
		F11BC108176124CB0069F6FB /* MsgType.cpp */ = {isa = PBXFileReference; lastKnownFileType = sourcecode.cpp.cpp; path = MsgType.cpp; sourceTree = "<group>"; };
		F11BC109176124CB0069F6FB /* MsgType.h */ = {isa = PBXFileReference; lastKnownFileType = sourcecode.c.h; path = MsgType.h; sourceTree = "<group>"; };
		F11BC10A176124CB0069F6FB /* NaoPhysical.cpp */ = {isa = PBXFileReference; lastKnownFileType = sourcecode.cpp.cpp; path = NaoPhysical.cpp; sourceTree = "<group>"; };
		F11BC10B176124CB0069F6FB /* NaoPhysical.h */ = {isa = PBXFileReference; lastKnownFileType = sourcecode.c.h; path = NaoPhysical.h; sourceTree = "<group>"; };
		F11BC10E176124CB0069F6FB /* Whiteboard.cpp */ = {isa = PBXFileReference; lastKnownFileType = sourcecode.cpp.cpp; path = Whiteboard.cpp; sourceTree = "<group>"; };
		F11BC10F176124CB0069F6FB /* Whiteboard.h */ = {isa = PBXFileReference; lastKnownFileType = sourcecode.c.h; path = Whiteboard.h; sourceTree = "<group>"; };
		F11BC110176124CB0069F6FB /* RobotPhysical.h */ = {isa = PBXFileReference; lastKnownFileType = sourcecode.c.h; path = RobotPhysical.h; sourceTree = "<group>"; };
		F11BC111176124CB0069F6FB /* Trig.h */ = {isa = PBXFileReference; lastKnownFileType = sourcecode.c.h; path = Trig.h; sourceTree = "<group>"; };
		F11BC112176124CB0069F6FB /* Useful.h */ = {isa = PBXFileReference; lastKnownFileType = sourcecode.c.h; path = Useful.h; sourceTree = "<group>"; };
		F11BC113176124CB0069F6FB /* warning.h */ = {isa = PBXFileReference; lastKnownFileType = sourcecode.c.h; path = warning.h; sourceTree = "<group>"; };
		F11BC1151761278E0069F6FB /* FilteredOneDimObjects.h */ = {isa = PBXFileReference; indentWidth = 4; lastKnownFileType = sourcecode.c.h; path = FilteredOneDimObjects.h; sourceTree = "<group>"; };
		F11BC1161761278E0069F6FB /* GCGameState.h */ = {isa = PBXFileReference; lastKnownFileType = sourcecode.c.h; path = GCGameState.h; sourceTree = "<group>"; };
		F11BC1171761278E0069F6FB /* PARTICLE_TopPositions.h */ = {isa = PBXFileReference; lastKnownFileType = sourcecode.c.h; path = PARTICLE_TopPositions.h; sourceTree = "<group>"; };
		F14043E6172E3E3E00EB63ED /* guwhiteboardgetter.h */ = {isa = PBXFileReference; lastKnownFileType = sourcecode.c.h; path = guwhiteboardgetter.h; sourceTree = "<group>"; };
		F14043EC172E5E8800EB63ED /* guwhiteboardgetter.cpp */ = {isa = PBXFileReference; lastKnownFileType = sourcecode.cpp.cpp; path = guwhiteboardgetter.cpp; sourceTree = "<group>"; };
		F14043ED172E5E9700EB63ED /* guwhiteboardposter.cpp */ = {isa = PBXFileReference; lastKnownFileType = sourcecode.cpp.cpp; path = guwhiteboardposter.cpp; sourceTree = "<group>"; };
		F14514811760339E002DBD38 /* guwhiteboardtypelist_c_typestrings_generated.c */ = {isa = PBXFileReference; fileEncoding = 4; lastKnownFileType = sourcecode.c.c; path = guwhiteboardtypelist_c_typestrings_generated.c; sourceTree = "<group>"; };
		F14C46AF14A064D8006B6953 /* libgusimplewhiteboard.a */ = {isa = PBXFileReference; explicitFileType = archive.ar; includeInIndex = 0; path = libgusimplewhiteboard.a; sourceTree = BUILT_PRODUCTS_DIR; };
		F14C46B914A0659F006B6953 /* gusimplewhiteboard.h */ = {isa = PBXFileReference; lastKnownFileType = sourcecode.c.h; path = gusimplewhiteboard.h; sourceTree = "<group>"; };
		F14C46C314A07024006B6953 /* gusimplewhiteboard.c */ = {isa = PBXFileReference; fileEncoding = 4; lastKnownFileType = sourcecode.c.c; path = gusimplewhiteboard.c; sourceTree = "<group>"; };
		F166897C155CBBF400AFA55E /* gu_util.cpp */ = {isa = PBXFileReference; fileEncoding = 4; lastKnownFileType = sourcecode.cpp.cpp; name = gu_util.cpp; path = ../../../Common/gu_util.cpp; sourceTree = "<group>"; };
		F17380BC16CA032F00485FD8 /* guudpSerialize.c */ = {isa = PBXFileReference; lastKnownFileType = sourcecode.c.c; name = guudpSerialize.c; path = guudpbridge/guudpSerialize.c; sourceTree = "<group>"; };
		F17380BE16CA035100485FD8 /* guudpWhiteboardLayer.cpp */ = {isa = PBXFileReference; lastKnownFileType = sourcecode.cpp.cpp; name = guudpWhiteboardLayer.cpp; path = guudpbridge/guudpWhiteboardLayer.cpp; sourceTree = "<group>"; };
		F1C7CE7216FFE59C00D5D843 /* FSM_Control.h */ = {isa = PBXFileReference; indentWidth = 4; lastKnownFileType = sourcecode.c.h; path = FSM_Control.h; sourceTree = "<group>"; };
		F1C94D641555CA8E00B717DF /* libguobjcwhiteboard.a */ = {isa = PBXFileReference; explicitFileType = archive.ar; includeInIndex = 0; path = libguobjcwhiteboard.a; sourceTree = BUILT_PRODUCTS_DIR; };
		F1C94D681555CA8E00B717DF /* guobjcwhiteboard-Prefix.pch */ = {isa = PBXFileReference; lastKnownFileType = sourcecode.c.h; path = "guobjcwhiteboard-Prefix.pch"; sourceTree = "<group>"; };
		F1C94D691555CA8E00B717DF /* ObjCWhiteboard.h */ = {isa = PBXFileReference; lastKnownFileType = sourcecode.c.h; path = ObjCWhiteboard.h; sourceTree = "<group>"; };
		F1C94D6A1555CA8E00B717DF /* ObjCWhiteboard.mm */ = {isa = PBXFileReference; lastKnownFileType = sourcecode.cpp.objcpp; path = ObjCWhiteboard.mm; sourceTree = "<group>"; };
		F1C94D711555CA8E00B717DF /* guobjcwhiteboardTests.octest */ = {isa = PBXFileReference; explicitFileType = wrapper.cfbundle; includeInIndex = 0; path = guobjcwhiteboardTests.octest; sourceTree = BUILT_PRODUCTS_DIR; };
		F1C94D791555CA8E00B717DF /* guobjcwhiteboardTests-Info.plist */ = {isa = PBXFileReference; lastKnownFileType = text.plist.xml; path = "guobjcwhiteboardTests-Info.plist"; sourceTree = "<group>"; };
		F1C94D7B1555CA8E00B717DF /* en */ = {isa = PBXFileReference; lastKnownFileType = text.plist.strings; name = en; path = en.lproj/InfoPlist.strings; sourceTree = "<group>"; };
		F1C94D7D1555CA8E00B717DF /* guobjcwhiteboardTests.h */ = {isa = PBXFileReference; lastKnownFileType = sourcecode.c.h; path = guobjcwhiteboardTests.h; sourceTree = "<group>"; };
		F1C94D7E1555CA8E00B717DF /* guobjcwhiteboardTests.m */ = {isa = PBXFileReference; lastKnownFileType = sourcecode.c.objc; path = guobjcwhiteboardTests.m; sourceTree = "<group>"; };
		F1C94D871555CD0500B717DF /* Foundation.framework */ = {isa = PBXFileReference; lastKnownFileType = wrapper.framework; name = Foundation.framework; path = System/Library/Frameworks/Foundation.framework; sourceTree = SDKROOT; };
		F1C94DA31555D3C300B717DF /* libgusimplewhiteboardios.a */ = {isa = PBXFileReference; explicitFileType = archive.ar; includeInIndex = 0; path = libgusimplewhiteboardios.a; sourceTree = BUILT_PRODUCTS_DIR; };
		F1C94DA41555D3C300B717DF /* Foundation.framework */ = {isa = PBXFileReference; lastKnownFileType = wrapper.framework; name = Foundation.framework; path = System/Library/Frameworks/Foundation.framework; sourceTree = SDKROOT; };
		F1C94DA81555D3C300B717DF /* gusimplewhiteboardios-Prefix.pch */ = {isa = PBXFileReference; lastKnownFileType = sourcecode.c.h; path = "gusimplewhiteboardios-Prefix.pch"; sourceTree = "<group>"; };
		F1C94DA91555D3C300B717DF /* gusimplewhiteboardios.h */ = {isa = PBXFileReference; lastKnownFileType = sourcecode.c.h; path = gusimplewhiteboardios.h; sourceTree = "<group>"; };
		F1C94DAA1555D3C300B717DF /* gusimplewhiteboardios.m */ = {isa = PBXFileReference; lastKnownFileType = sourcecode.c.objc; path = gusimplewhiteboardios.m; sourceTree = "<group>"; };
		F1C94DE61555D6C200B717DF /* ObjCWhiteboardDelegate.h */ = {isa = PBXFileReference; lastKnownFileType = sourcecode.c.h; path = ObjCWhiteboardDelegate.h; sourceTree = "<group>"; };
		F1C94DE71555D78400B717DF /* libc++.dylib */ = {isa = PBXFileReference; lastKnownFileType = "compiled.mach-o.dylib"; name = "libc++.dylib"; path = "Platforms/iPhoneOS.platform/Developer/SDKs/iPhoneOS5.1.sdk/usr/lib/libc++.dylib"; sourceTree = DEVELOPER_DIR; };
		F1D601C7172CED45004B56C5 /* Vision_Control.h */ = {isa = PBXFileReference; lastKnownFileType = sourcecode.c.h; path = Vision_Control.h; sourceTree = "<group>"; };
		F1D601C8172CED45004B56C5 /* Vision_Objects.h */ = {isa = PBXFileReference; lastKnownFileType = sourcecode.c.h; path = Vision_Objects.h; sourceTree = "<group>"; };
		F1D925F014A13BAA00BDAEED /* SimpleWhiteboardTest.octest */ = {isa = PBXFileReference; explicitFileType = wrapper.cfbundle; includeInIndex = 0; path = SimpleWhiteboardTest.octest; sourceTree = BUILT_PRODUCTS_DIR; };
		F1D925F214A13BAA00BDAEED /* SenTestingKit.framework */ = {isa = PBXFileReference; lastKnownFileType = wrapper.framework; name = SenTestingKit.framework; path = Library/Frameworks/SenTestingKit.framework; sourceTree = DEVELOPER_DIR; };
		F1D925F414A13BAA00BDAEED /* Cocoa.framework */ = {isa = PBXFileReference; lastKnownFileType = wrapper.framework; name = Cocoa.framework; path = Library/Frameworks/Cocoa.framework; sourceTree = DEVELOPER_DIR; };
		F1D925F714A13BAA00BDAEED /* AppKit.framework */ = {isa = PBXFileReference; lastKnownFileType = wrapper.framework; name = AppKit.framework; path = Library/Frameworks/AppKit.framework; sourceTree = SDKROOT; };
		F1D925F814A13BAA00BDAEED /* CoreData.framework */ = {isa = PBXFileReference; lastKnownFileType = wrapper.framework; name = CoreData.framework; path = Library/Frameworks/CoreData.framework; sourceTree = SDKROOT; };
		F1D925F914A13BAA00BDAEED /* Foundation.framework */ = {isa = PBXFileReference; lastKnownFileType = wrapper.framework; name = Foundation.framework; path = Library/Frameworks/Foundation.framework; sourceTree = SDKROOT; };
		F1D925FC14A13BAA00BDAEED /* SimpleWhiteboardTest-Info.plist */ = {isa = PBXFileReference; lastKnownFileType = text.plist.xml; path = "SimpleWhiteboardTest-Info.plist"; sourceTree = "<group>"; };
		F1D925FE14A13BAA00BDAEED /* en */ = {isa = PBXFileReference; lastKnownFileType = text.plist.strings; name = en; path = en.lproj/InfoPlist.strings; sourceTree = "<group>"; };
		F1D9260014A13BAA00BDAEED /* SimpleWhiteboardTest.h */ = {isa = PBXFileReference; lastKnownFileType = sourcecode.c.h; path = SimpleWhiteboardTest.h; sourceTree = "<group>"; };
		F1D9260114A13BAA00BDAEED /* SimpleWhiteboardTest.mm */ = {isa = PBXFileReference; lastKnownFileType = sourcecode.cpp.objcpp; path = SimpleWhiteboardTest.mm; sourceTree = "<group>"; };
		F1D9260314A13BAA00BDAEED /* SimpleWhiteboardTest-Prefix.pch */ = {isa = PBXFileReference; lastKnownFileType = sourcecode.c.h; path = "SimpleWhiteboardTest-Prefix.pch"; sourceTree = "<group>"; };
		F1D9265914A151C500BDAEED /* WBFunctor.h */ = {isa = PBXFileReference; fileEncoding = 4; lastKnownFileType = sourcecode.c.h; lineEnding = 0; path = WBFunctor.h; sourceTree = "<group>"; xcLanguageSpecificationIdentifier = xcode.lang.objcpp; };
		F1F0A2871729F81900194F59 /* guwhiteboardposter.h */ = {isa = PBXFileReference; fileEncoding = 4; lastKnownFileType = sourcecode.c.h; path = guwhiteboardposter.h; sourceTree = "<group>"; };
		F1F4536114A11E90005C40A6 /* Whiteboard.h */ = {isa = PBXFileReference; lastKnownFileType = sourcecode.c.h; path = Whiteboard.h; sourceTree = "<group>"; };
		F1F4536314A1226D005C40A6 /* Whiteboard.cc */ = {isa = PBXFileReference; fileEncoding = 4; lastKnownFileType = sourcecode.cpp.cpp; path = Whiteboard.cc; sourceTree = "<group>"; };
		F1F4536514A123C7005C40A6 /* WBMsg.h */ = {isa = PBXFileReference; lastKnownFileType = sourcecode.c.h; path = WBMsg.h; sourceTree = "<group>"; };
/* End PBXFileReference section */

/* Begin PBXFrameworksBuildPhase section */
		F11BC0B9176123DB0069F6FB /* Frameworks */ = {
			isa = PBXFrameworksBuildPhase;
			buildActionMask = 2147483647;
			files = (
				F11BC0CA1761247F0069F6FB /* libgusimplewhiteboard.a in Frameworks */,
			);
			runOnlyForDeploymentPostprocessing = 0;
		};
		F14C46AC14A064D8006B6953 /* Frameworks */ = {
			isa = PBXFrameworksBuildPhase;
			buildActionMask = 2147483647;
			files = (
			);
			runOnlyForDeploymentPostprocessing = 0;
		};
		F1C94D611555CA8E00B717DF /* Frameworks */ = {
			isa = PBXFrameworksBuildPhase;
			buildActionMask = 2147483647;
			files = (
				F1C94D881555CD0500B717DF /* Foundation.framework in Frameworks */,
				F1C94D891555CD0B00B717DF /* libgusimplewhiteboard.a in Frameworks */,
			);
			runOnlyForDeploymentPostprocessing = 0;
		};
		F1C94D6D1555CA8E00B717DF /* Frameworks */ = {
			isa = PBXFrameworksBuildPhase;
			buildActionMask = 2147483647;
			files = (
				F1C94D721555CA8E00B717DF /* SenTestingKit.framework in Frameworks */,
				F1C94D731555CA8E00B717DF /* Cocoa.framework in Frameworks */,
				F1C94D761555CA8E00B717DF /* libguobjcwhiteboard.a in Frameworks */,
			);
			runOnlyForDeploymentPostprocessing = 0;
		};
		F1C94DA01555D3C300B717DF /* Frameworks */ = {
			isa = PBXFrameworksBuildPhase;
			buildActionMask = 2147483647;
			files = (
				F1C94DE81555D78400B717DF /* libc++.dylib in Frameworks */,
				F1C94DA51555D3C300B717DF /* Foundation.framework in Frameworks */,
			);
			runOnlyForDeploymentPostprocessing = 0;
		};
		F1D925EC14A13BAA00BDAEED /* Frameworks */ = {
			isa = PBXFrameworksBuildPhase;
			buildActionMask = 2147483647;
			files = (
				F1D925F314A13BAA00BDAEED /* SenTestingKit.framework in Frameworks */,
				F1D925F514A13BAA00BDAEED /* Cocoa.framework in Frameworks */,
				F1D9260A14A13BCD00BDAEED /* libgusimplewhiteboard.a in Frameworks */,
			);
			runOnlyForDeploymentPostprocessing = 0;
		};
/* End PBXFrameworksBuildPhase section */

/* Begin PBXGroup section */
		8BC60E6E174079FD00800829 /* guudpwhiteboard */ = {
			isa = PBXGroup;
			children = (
				8BC60E6F174079FD00800829 /* GNUmakefile */,
				8B68705E1757080C00A13AAE /* main.cpp */,
				8B68705F1757080C00A13AAE /* Makefile */,
				8B6870611757080C00A13AAE /* udp_util.cpp */,
				8B6870621757080C00A13AAE /* udp_util.h */,
				8B6870601757080C00A13AAE /* udp_config.h */,
				8B19F9BC17A0F63E00CF2365 /* tcp_config.h */,
				8B6870771758562A00A13AAE /* udp_sender.h */,
				8B6870761758562A00A13AAE /* udp_sender.cpp */,
				8B68708C175EE1AA00A13AAE /* udp_receiver.h */,
				8B68708B175EE1AA00A13AAE /* udp_receiver.cpp */,
				8B19F9BE17A2349600CF2365 /* tcp_receiver.cpp */,
				8B19F9BF17A2349600CF2365 /* tcp_receiver.h */,
				F11BC0CB176124CB0069F6FB /* Common */,
				C378DF4416C33C7D00CF6983 /* guwhiteboardtypegenerator */,
				C33D92BB150491F500524671 /* guudpbridge */,
				F1D925FA14A13BAA00BDAEED /* SimpleWhiteboardTest */,
				F1C94D661555CA8E00B717DF /* guobjcwhiteboard */,
				F1C94D771555CA8E00B717DF /* guobjcwhiteboardTests */,
			);
			path = guudpwhiteboard;
			sourceTree = "<group>";
		};
		C33D92BB150491F500524671 /* guudpbridge */ = {
			isa = PBXGroup;
			children = (
				C33D92BD150491F500524671 /* guudpBroadcaster.cpp */,
				C33D92BE150491F500524671 /* guudpBroadcaster.h */,
				C33D92BF150491F500524671 /* guudpListener.cpp */,
				C33D92C0150491F500524671 /* guudpListener.h */,
				C33D92C1150491F500524671 /* guudpManager.cpp */,
				C33D92C2150491F500524671 /* guudpManager.h */,
				C33D92C4150491F500524671 /* guudpUtil.cpp */,
				C33D92C5150491F500524671 /* guudpUtil.h */,
				C3BE8AE816CB27CF004BFE81 /* guudpSerialize.c */,
				C3BE8AE916CB27CF004BFE81 /* guudpSerialize.h */,
				C3BE8AEA16CB27CF004BFE81 /* guudpWhiteboardLayer.cpp */,
				C3BE8AEB16CB27CF004BFE81 /* guudpWhiteboardLayer.h */,
				C33D92C3150491F500524671 /* guudpConfig.h */,
			);
			name = guudpbridge;
			path = ../guudpbridge;
			sourceTree = "<group>";
		};
		C378DF4416C33C7D00CF6983 /* guwhiteboardtypegenerator */ = {
			isa = PBXGroup;
			children = (
				C32D01E816CA0A50002561B7 /* guwhiteboardtypegenerator.cpp */,
			);
			name = guwhiteboardtypegenerator;
			path = ../guwhiteboardtypegenerator;
			sourceTree = "<group>";
		};
		C3D04F8716F961F30061D0BB /* typeClassDefs */ = {
			isa = PBXGroup;
			children = (
				F11BC1151761278E0069F6FB /* FilteredOneDimObjects.h */,
				F11BC1161761278E0069F6FB /* GCGameState.h */,
				F11BC1171761278E0069F6FB /* PARTICLE_TopPositions.h */,
				F1C7CE7216FFE59C00D5D843 /* FSM_Control.h */,
				C3D04F8816F961F30061D0BB /* HAL_HeadTarget.h */,
				C3AC9C96171E80C000DF3997 /* MOTION_Interface.h */,
				C34904FA1715246900242DD7 /* NAO_State.h */,
				C34904FB1715246900242DD7 /* Point2D.h */,
				C372CAE41700133B007EB2E0 /* SENSORS_BodySensors.h */,
				C372CAE51700133B007EB2E0 /* SENSORS_FootSensors.h */,
				C372CAE61700133B007EB2E0 /* SENSORS_LedsSensors.h */,
				C372CAEE17001939007EB2E0 /* SENSORS_LegJointSensors.h */,
				C372CAF01700198B007EB2E0 /* SENSORS_LegJointTemps.h */,
				C372CAEA1700142C007EB2E0 /* SENSORS_SonarSensors.h */,
				C372CAEC170017E9007EB2E0 /* SENSORS_TorsoJointSensors.h */,
				C372CAF11700198B007EB2E0 /* SENSORS_TorsoJointTemps.h */,
				F1D601C7172CED45004B56C5 /* Vision_Control.h */,
				F1D601C8172CED45004B56C5 /* Vision_Objects.h */,
				C3B8CE38170BE5C400846B9C /* WALK_ControlStatus.h */,
			);
			path = typeClassDefs;
			sourceTree = "<group>";
		};
		F11BC0BD176123DB0069F6FB /* guudpwhiteboard */ = {
			isa = PBXGroup;
			children = (
				F11BC0BE176123DB0069F6FB /* main.cpp */,
				F11BC0C0176123DB0069F6FB /* guudpwhiteboard.1 */,
			);
			path = guudpwhiteboard;
			sourceTree = "<group>";
		};
		F11BC0CB176124CB0069F6FB /* Common */ = {
			isa = PBXGroup;
			children = (
				F11BC0CC176124CB0069F6FB /* AlgUtil.cpp */,
				F11BC0CD176124CB0069F6FB /* AlgUtil.h */,
				F11BC0CE176124CB0069F6FB /* Avahi */,
				F11BC0F8176124CB0069F6FB /* BallInfo.cpp */,
				F11BC0F9176124CB0069F6FB /* BallInfo.h */,
				F11BC0FA176124CB0069F6FB /* defines.h */,
				F11BC0FB176124CB0069F6FB /* DONT_PUT_FILES_HERE */,
				F11BC0FC176124CB0069F6FB /* forward_kinematics.h */,
				F11BC0FD176124CB0069F6FB /* GoalInfo.cc */,
				F11BC0FE176124CB0069F6FB /* GoalInfo.h */,
				F11BC0FF176124CB0069F6FB /* gu_util.cpp */,
				F11BC100176124CB0069F6FB /* gu_util.h */,
				F11BC101176124CB0069F6FB /* GUData.h */,
				F11BC102176124CB0069F6FB /* GUsem.c */,
				F11BC103176124CB0069F6FB /* GUsemaphore.h */,
				F11BC104176124CB0069F6FB /* GUStatedModule.cpp */,
				F11BC105176124CB0069F6FB /* GUStatedModule.h */,
				F11BC106176124CB0069F6FB /* math_fnc.cpp */,
				F11BC107176124CB0069F6FB /* math_fnc.h */,
				F11BC108176124CB0069F6FB /* MsgType.cpp */,
				F11BC109176124CB0069F6FB /* MsgType.h */,
				F11BC10A176124CB0069F6FB /* NaoPhysical.cpp */,
				F11BC10B176124CB0069F6FB /* NaoPhysical.h */,
				F11BC10C176124CB0069F6FB /* NewWhiteboards */,
				F11BC110176124CB0069F6FB /* RobotPhysical.h */,
				F11BC111176124CB0069F6FB /* Trig.h */,
				F11BC112176124CB0069F6FB /* Useful.h */,
				F11BC113176124CB0069F6FB /* warning.h */,
			);
			name = Common;
			path = ../../../Common;
			sourceTree = "<group>";
		};
		F11BC0CE176124CB0069F6FB /* Avahi */ = {
			isa = PBXGroup;
			children = (
				F11BC0CF176124CB0069F6FB /* avahi-client */,
				F11BC0D3176124CB0069F6FB /* avahi-common */,
				F11BC0E3176124CB0069F6FB /* avahi-compat-libdns_sd */,
				F11BC0E5176124CB0069F6FB /* avahi-core */,
				F11BC0EB176124CB0069F6FB /* avahi-glib */,
				F11BC0EE176124CB0069F6FB /* avahi-gobject */,
				F11BC0F6176124CB0069F6FB /* Avahi_Browser.cpp */,
				F11BC0F7176124CB0069F6FB /* Bonjour_Browser.cpp */,
			);
			path = Avahi;
			sourceTree = "<group>";
		};
		F11BC0CF176124CB0069F6FB /* avahi-client */ = {
			isa = PBXGroup;
			children = (
				F11BC0D0176124CB0069F6FB /* client.h */,
				F11BC0D1176124CB0069F6FB /* lookup.h */,
				F11BC0D2176124CB0069F6FB /* publish.h */,
			);
			path = "avahi-client";
			sourceTree = "<group>";
		};
		F11BC0D3176124CB0069F6FB /* avahi-common */ = {
			isa = PBXGroup;
			children = (
				F11BC0D4176124CB0069F6FB /* address.h */,
				F11BC0D5176124CB0069F6FB /* alternative.h */,
				F11BC0D6176124CB0069F6FB /* cdecl.h */,
				F11BC0D7176124CB0069F6FB /* defs.h */,
				F11BC0D8176124CB0069F6FB /* domain.h */,
				F11BC0D9176124CB0069F6FB /* error.h */,
				F11BC0DA176124CB0069F6FB /* gccmacro.h */,
				F11BC0DB176124CB0069F6FB /* llist.h */,
				F11BC0DC176124CB0069F6FB /* malloc.h */,
				F11BC0DD176124CB0069F6FB /* rlist.h */,
				F11BC0DE176124CB0069F6FB /* simple-watch.h */,
				F11BC0DF176124CB0069F6FB /* strlst.h */,
				F11BC0E0176124CB0069F6FB /* thread-watch.h */,
				F11BC0E1176124CB0069F6FB /* timeval.h */,
				F11BC0E2176124CB0069F6FB /* watch.h */,
			);
			path = "avahi-common";
			sourceTree = "<group>";
		};
		F11BC0E3176124CB0069F6FB /* avahi-compat-libdns_sd */ = {
			isa = PBXGroup;
			children = (
				F11BC0E4176124CB0069F6FB /* dns_sd.h */,
			);
			path = "avahi-compat-libdns_sd";
			sourceTree = "<group>";
		};
		F11BC0E5176124CB0069F6FB /* avahi-core */ = {
			isa = PBXGroup;
			children = (
				F11BC0E6176124CB0069F6FB /* core.h */,
				F11BC0E7176124CB0069F6FB /* log.h */,
				F11BC0E8176124CB0069F6FB /* lookup.h */,
				F11BC0E9176124CB0069F6FB /* publish.h */,
				F11BC0EA176124CB0069F6FB /* rr.h */,
			);
			path = "avahi-core";
			sourceTree = "<group>";
		};
		F11BC0EB176124CB0069F6FB /* avahi-glib */ = {
			isa = PBXGroup;
			children = (
				F11BC0EC176124CB0069F6FB /* glib-malloc.h */,
				F11BC0ED176124CB0069F6FB /* glib-watch.h */,
			);
			path = "avahi-glib";
			sourceTree = "<group>";
		};
		F11BC0EE176124CB0069F6FB /* avahi-gobject */ = {
			isa = PBXGroup;
			children = (
				F11BC0EF176124CB0069F6FB /* ga-client.h */,
				F11BC0F0176124CB0069F6FB /* ga-entry-group.h */,
				F11BC0F1176124CB0069F6FB /* ga-enums.h */,
				F11BC0F2176124CB0069F6FB /* ga-error.h */,
				F11BC0F3176124CB0069F6FB /* ga-record-browser.h */,
				F11BC0F4176124CB0069F6FB /* ga-service-browser.h */,
				F11BC0F5176124CB0069F6FB /* ga-service-resolver.h */,
			);
			path = "avahi-gobject";
			sourceTree = "<group>";
		};
		F11BC10C176124CB0069F6FB /* NewWhiteboards */ = {
			isa = PBXGroup;
			children = (
				F11BC10D176124CB0069F6FB /* LocalOnly */,
			);
			path = NewWhiteboards;
			sourceTree = "<group>";
		};
		F11BC10D176124CB0069F6FB /* LocalOnly */ = {
			isa = PBXGroup;
			children = (
				F11BC10E176124CB0069F6FB /* Whiteboard.cpp */,
				F11BC10F176124CB0069F6FB /* Whiteboard.h */,
			);
			path = LocalOnly;
			sourceTree = "<group>";
		};
		F14C46A414A064D8006B6953 = {
			isa = PBXGroup;
			children = (
				F17380BE16CA035100485FD8 /* guudpWhiteboardLayer.cpp */,
				F17380BC16CA032F00485FD8 /* guudpSerialize.c */,
				F1C94DE71555D78400B717DF /* libc++.dylib */,
				F1C94D871555CD0500B717DF /* Foundation.framework */,
				C3EC3C5716A67DBC002FF8D4 /* gugenericwhiteboardobject.h */,
				C3DE479716D5FD950098F502 /* gugenericwhiteboardobject.cpp */,
				8B19F9BA17A0F52A00CF2365 /* gutcpinjectionwhiteboardobject.h */,
				8B19F9C217A772C400CF2365 /* gutcpinjectionwhiteboardobject.cpp */,
				F1F0A2871729F81900194F59 /* guwhiteboardposter.h */,
				F14043ED172E5E9700EB63ED /* guwhiteboardposter.cpp */,
				F14043E6172E3E3E00EB63ED /* guwhiteboardgetter.h */,
				F14043EC172E5E8800EB63ED /* guwhiteboardgetter.cpp */,
				C3EC3D0D16AD2158002FF8D4 /* guwhiteboardwatcher.h */,
				C3EC3D0016A7995A002FF8D4 /* guwhiteboardtypelist_generated.h */,
				C32D01E516CA0880002561B7 /* guwhiteboardtypelist_c_generated.h */,
				F14514811760339E002DBD38 /* guwhiteboardtypelist_c_typestrings_generated.c */,
				C3DE476016D1E0250098F502 /* guwhiteboardtypelist.tsl */,
				C3D04F8716F961F30061D0BB /* typeClassDefs */,
				F14C46B914A0659F006B6953 /* gusimplewhiteboard.h */,
				F14C46C314A07024006B6953 /* gusimplewhiteboard.c */,
				C3FCE01114FF248B003AC195 /* RemoteWhiteboard.h */,
				C3FCE01014FF248B003AC195 /* RemoteWhiteboard.cc */,
				C397BA671519A89F00FEFB05 /* iOSWhiteboard.h */,
				C397BA661519A89F00FEFB05 /* iOSWhiteboard.cc */,
				F1F4536114A11E90005C40A6 /* Whiteboard.h */,
				F1F4536314A1226D005C40A6 /* Whiteboard.cc */,
				F1F4536514A123C7005C40A6 /* WBMsg.h */,
				F1D9265914A151C500BDAEED /* WBFunctor.h */,
				C3DE478C16D3447B0098F502 /* WBFunctor_types_generated.h */,
				8BC60E6E174079FD00800829 /* guudpwhiteboard */,
				F1C94DA61555D3C300B717DF /* gusimplewhiteboardios */,
				F11BC0BD176123DB0069F6FB /* guudpwhiteboard */,
				F1D925F114A13BAA00BDAEED /* Frameworks */,
				F14C46B014A064D8006B6953 /* Products */,
			);
			sourceTree = "<group>";
		};
		F14C46B014A064D8006B6953 /* Products */ = {
			isa = PBXGroup;
			children = (
				F14C46AF14A064D8006B6953 /* libgusimplewhiteboard.a */,
				F1D925F014A13BAA00BDAEED /* SimpleWhiteboardTest.octest */,
				F1C94D641555CA8E00B717DF /* libguobjcwhiteboard.a */,
				F1C94D711555CA8E00B717DF /* guobjcwhiteboardTests.octest */,
				F1C94DA31555D3C300B717DF /* libgusimplewhiteboardios.a */,
				F11BC0BC176123DB0069F6FB /* guudpwhiteboard */,
			);
			name = Products;
			sourceTree = "<group>";
		};
		F1C94D661555CA8E00B717DF /* guobjcwhiteboard */ = {
			isa = PBXGroup;
			children = (
				F1C94DE61555D6C200B717DF /* ObjCWhiteboardDelegate.h */,
				F1C94D691555CA8E00B717DF /* ObjCWhiteboard.h */,
				F1C94D6A1555CA8E00B717DF /* ObjCWhiteboard.mm */,
				F1C94D671555CA8E00B717DF /* Supporting Files */,
			);
			name = guobjcwhiteboard;
			path = ../guobjcwhiteboard;
			sourceTree = "<group>";
		};
		F1C94D671555CA8E00B717DF /* Supporting Files */ = {
			isa = PBXGroup;
			children = (
				F166897C155CBBF400AFA55E /* gu_util.cpp */,
				F1C94D681555CA8E00B717DF /* guobjcwhiteboard-Prefix.pch */,
			);
			name = "Supporting Files";
			sourceTree = "<group>";
		};
		F1C94D771555CA8E00B717DF /* guobjcwhiteboardTests */ = {
			isa = PBXGroup;
			children = (
				F1C94D7D1555CA8E00B717DF /* guobjcwhiteboardTests.h */,
				F1C94D7E1555CA8E00B717DF /* guobjcwhiteboardTests.m */,
				F1C94D781555CA8E00B717DF /* Supporting Files */,
			);
			name = guobjcwhiteboardTests;
			path = ../guobjcwhiteboardTests;
			sourceTree = "<group>";
		};
		F1C94D781555CA8E00B717DF /* Supporting Files */ = {
			isa = PBXGroup;
			children = (
				F1C94D791555CA8E00B717DF /* guobjcwhiteboardTests-Info.plist */,
				F1C94D7A1555CA8E00B717DF /* InfoPlist.strings */,
			);
			name = "Supporting Files";
			sourceTree = "<group>";
		};
		F1C94DA61555D3C300B717DF /* gusimplewhiteboardios */ = {
			isa = PBXGroup;
			children = (
				F1C94DA91555D3C300B717DF /* gusimplewhiteboardios.h */,
				F1C94DAA1555D3C300B717DF /* gusimplewhiteboardios.m */,
				F1C94DA71555D3C300B717DF /* Supporting Files */,
			);
			path = gusimplewhiteboardios;
			sourceTree = "<group>";
		};
		F1C94DA71555D3C300B717DF /* Supporting Files */ = {
			isa = PBXGroup;
			children = (
				F1C94DA81555D3C300B717DF /* gusimplewhiteboardios-Prefix.pch */,
			);
			name = "Supporting Files";
			sourceTree = "<group>";
		};
		F1D925F114A13BAA00BDAEED /* Frameworks */ = {
			isa = PBXGroup;
			children = (
				C31EE6B3155BA83B00D55934 /* gu_util.cpp */,
				F1D925F214A13BAA00BDAEED /* SenTestingKit.framework */,
				F1D925F414A13BAA00BDAEED /* Cocoa.framework */,
				F1C94DA41555D3C300B717DF /* Foundation.framework */,
				F1D925F614A13BAA00BDAEED /* Other Frameworks */,
			);
			name = Frameworks;
			sourceTree = "<group>";
		};
		F1D925F614A13BAA00BDAEED /* Other Frameworks */ = {
			isa = PBXGroup;
			children = (
				F1D925F714A13BAA00BDAEED /* AppKit.framework */,
				F1D925F814A13BAA00BDAEED /* CoreData.framework */,
				F1D925F914A13BAA00BDAEED /* Foundation.framework */,
			);
			name = "Other Frameworks";
			sourceTree = "<group>";
		};
		F1D925FA14A13BAA00BDAEED /* SimpleWhiteboardTest */ = {
			isa = PBXGroup;
			children = (
				F1D9260014A13BAA00BDAEED /* SimpleWhiteboardTest.h */,
				F1D9260114A13BAA00BDAEED /* SimpleWhiteboardTest.mm */,
				F1D925FB14A13BAA00BDAEED /* Supporting Files */,
			);
			name = SimpleWhiteboardTest;
			path = ../SimpleWhiteboardTest;
			sourceTree = "<group>";
		};
		F1D925FB14A13BAA00BDAEED /* Supporting Files */ = {
			isa = PBXGroup;
			children = (
				F1D925FC14A13BAA00BDAEED /* SimpleWhiteboardTest-Info.plist */,
				F1D925FD14A13BAA00BDAEED /* InfoPlist.strings */,
				F1D9260314A13BAA00BDAEED /* SimpleWhiteboardTest-Prefix.pch */,
			);
			name = "Supporting Files";
			sourceTree = "<group>";
		};
/* End PBXGroup section */

/* Begin PBXHeadersBuildPhase section */
		F14C46AD14A064D8006B6953 /* Headers */ = {
			isa = PBXHeadersBuildPhase;
			buildActionMask = 2147483647;
			files = (
				F1D9265A14A151C500BDAEED /* WBFunctor.h in Headers */,
				C3FCE01314FF248B003AC195 /* RemoteWhiteboard.h in Headers */,
				C39197A31693DDA200E5D0C6 /* (null) in Headers */,
				C3BEDEE61693EADD00119F2E /* guudpSerialize.h in Headers */,
				C32D01E616CA0880002561B7 /* guwhiteboardtypelist_c_generated.h in Headers */,
				C3D04F8916F961F30061D0BB /* HAL_HeadTarget.h in Headers */,
				C372CAE71700133B007EB2E0 /* SENSORS_BodySensors.h in Headers */,
				C372CAE81700133B007EB2E0 /* SENSORS_FootSensors.h in Headers */,
				C372CAE91700133B007EB2E0 /* SENSORS_LedsSensors.h in Headers */,
				C372CAEB1700142D007EB2E0 /* SENSORS_SonarSensors.h in Headers */,
				C372CAED170017E9007EB2E0 /* SENSORS_TorsoJointSensors.h in Headers */,
				C372CAEF17001939007EB2E0 /* SENSORS_LegJointSensors.h in Headers */,
				C372CAF21700198C007EB2E0 /* SENSORS_LegJointTemps.h in Headers */,
				C372CAF31700198C007EB2E0 /* SENSORS_TorsoJointTemps.h in Headers */,
				C3B8CE39170BE5C400846B9C /* WALK_ControlStatus.h in Headers */,
				C34904FC1715246900242DD7 /* NAO_State.h in Headers */,
				C34904FD1715246900242DD7 /* Point2D.h in Headers */,
				C3AC9C97171E80C000DF3997 /* MOTION_Interface.h in Headers */,
				8B19F9BB17A0F52A00CF2365 /* gutcpinjectionwhiteboardobject.h in Headers */,
				8B19F9BD17A0F63E00CF2365 /* tcp_config.h in Headers */,
				8B19F9C117A2349600CF2365 /* tcp_receiver.h in Headers */,
			);
			runOnlyForDeploymentPostprocessing = 0;
		};
		F1C94D621555CA8E00B717DF /* Headers */ = {
			isa = PBXHeadersBuildPhase;
			buildActionMask = 2147483647;
			files = (
				F1F0A2881729F81900194F59 /* guwhiteboardposter.h in Headers */,
			);
			runOnlyForDeploymentPostprocessing = 0;
		};
		F1C94DA11555D3C300B717DF /* Headers */ = {
			isa = PBXHeadersBuildPhase;
			buildActionMask = 2147483647;
			files = (
			);
			runOnlyForDeploymentPostprocessing = 0;
		};
/* End PBXHeadersBuildPhase section */

/* Begin PBXNativeTarget section */
		F11BC0BB176123DB0069F6FB /* guudpwhiteboard */ = {
			isa = PBXNativeTarget;
			buildConfigurationList = F11BC0C4176123DB0069F6FB /* Build configuration list for PBXNativeTarget "guudpwhiteboard" */;
			buildPhases = (
				F11BC0B8176123DB0069F6FB /* Sources */,
				F11BC0B9176123DB0069F6FB /* Frameworks */,
				F11BC0BA176123DB0069F6FB /* CopyFiles */,
			);
			buildRules = (
			);
			dependencies = (
				F11BC0C9176124760069F6FB /* PBXTargetDependency */,
			);
			name = guudpwhiteboard;
			productName = guudpwhiteboard;
			productReference = F11BC0BC176123DB0069F6FB /* guudpwhiteboard */;
			productType = "com.apple.product-type.tool";
		};
		F14C46AE14A064D8006B6953 /* gusimplewhiteboard */ = {
			isa = PBXNativeTarget;
			buildConfigurationList = F14C46B314A064D8006B6953 /* Build configuration list for PBXNativeTarget "gusimplewhiteboard" */;
			buildPhases = (
				F14C46AB14A064D8006B6953 /* Sources */,
				F14C46AC14A064D8006B6953 /* Frameworks */,
				F14C46AD14A064D8006B6953 /* Headers */,
			);
			buildRules = (
			);
			dependencies = (
			);
			name = gusimplewhiteboard;
			productName = gusimplewhiteboard;
			productReference = F14C46AF14A064D8006B6953 /* libgusimplewhiteboard.a */;
			productType = "com.apple.product-type.library.static";
		};
		F1C94D631555CA8E00B717DF /* guobjcwhiteboard */ = {
			isa = PBXNativeTarget;
			buildConfigurationList = F1C94D841555CA8E00B717DF /* Build configuration list for PBXNativeTarget "guobjcwhiteboard" */;
			buildPhases = (
				F1C94D601555CA8E00B717DF /* Sources */,
				F1C94D611555CA8E00B717DF /* Frameworks */,
				F1C94D621555CA8E00B717DF /* Headers */,
			);
			buildRules = (
			);
			dependencies = (
				F1C94D8B1555CD1E00B717DF /* PBXTargetDependency */,
			);
			name = guobjcwhiteboard;
			productName = guobjcwhiteboard;
			productReference = F1C94D641555CA8E00B717DF /* libguobjcwhiteboard.a */;
			productType = "com.apple.product-type.library.static";
		};
		F1C94D701555CA8E00B717DF /* guobjcwhiteboardTests */ = {
			isa = PBXNativeTarget;
			buildConfigurationList = F1C94D851555CA8E00B717DF /* Build configuration list for PBXNativeTarget "guobjcwhiteboardTests" */;
			buildPhases = (
				F1C94D6C1555CA8E00B717DF /* Sources */,
				F1C94D6D1555CA8E00B717DF /* Frameworks */,
				F1C94D6E1555CA8E00B717DF /* Resources */,
				F1C94D6F1555CA8E00B717DF /* ShellScript */,
			);
			buildRules = (
			);
			dependencies = (
				F1C94D751555CA8E00B717DF /* PBXTargetDependency */,
			);
			name = guobjcwhiteboardTests;
			productName = guobjcwhiteboardTests;
			productReference = F1C94D711555CA8E00B717DF /* guobjcwhiteboardTests.octest */;
			productType = "com.apple.product-type.bundle";
		};
		F1C94DA21555D3C300B717DF /* gusimplewhiteboardios */ = {
			isa = PBXNativeTarget;
			buildConfigurationList = F1C94DAC1555D3C300B717DF /* Build configuration list for PBXNativeTarget "gusimplewhiteboardios" */;
			buildPhases = (
				F1C94D9F1555D3C300B717DF /* Sources */,
				F1C94DA01555D3C300B717DF /* Frameworks */,
				F1C94DA11555D3C300B717DF /* Headers */,
			);
			buildRules = (
			);
			dependencies = (
			);
			name = gusimplewhiteboardios;
			productName = gusimplewhiteboardios;
			productReference = F1C94DA31555D3C300B717DF /* libgusimplewhiteboardios.a */;
			productType = "com.apple.product-type.library.static";
		};
		F1D925EF14A13BAA00BDAEED /* SimpleWhiteboardTest */ = {
			isa = PBXNativeTarget;
			buildConfigurationList = F1D9260614A13BAA00BDAEED /* Build configuration list for PBXNativeTarget "SimpleWhiteboardTest" */;
			buildPhases = (
				F1D925EB14A13BAA00BDAEED /* Sources */,
				F1D925EC14A13BAA00BDAEED /* Frameworks */,
				F1D925ED14A13BAA00BDAEED /* Resources */,
				F1D925EE14A13BAA00BDAEED /* ShellScript */,
			);
			buildRules = (
			);
			dependencies = (
				F1D9260914A13BC200BDAEED /* PBXTargetDependency */,
			);
			name = SimpleWhiteboardTest;
			productName = SimpleWhiteboardTest;
			productReference = F1D925F014A13BAA00BDAEED /* SimpleWhiteboardTest.octest */;
			productType = "com.apple.product-type.bundle";
		};
/* End PBXNativeTarget section */

/* Begin PBXProject section */
		F14C46A614A064D8006B6953 /* Project object */ = {
			isa = PBXProject;
			attributes = {
				LastUpgradeCheck = 0430;
				ORGANIZATIONNAME = ICT;
			};
			buildConfigurationList = F14C46A914A064D8006B6953 /* Build configuration list for PBXProject "gusimplewhiteboard" */;
			compatibilityVersion = "Xcode 3.2";
			developmentRegion = English;
			hasScannedForEncodings = 0;
			knownRegions = (
				en,
			);
			mainGroup = F14C46A414A064D8006B6953;
			productRefGroup = F14C46B014A064D8006B6953 /* Products */;
			projectDirPath = "";
			projectRoot = "";
			targets = (
				F14C46AE14A064D8006B6953 /* gusimplewhiteboard */,
				F1D925EF14A13BAA00BDAEED /* SimpleWhiteboardTest */,
				F1C94D631555CA8E00B717DF /* guobjcwhiteboard */,
				F1C94D701555CA8E00B717DF /* guobjcwhiteboardTests */,
				F1C94DA21555D3C300B717DF /* gusimplewhiteboardios */,
				F11BC0BB176123DB0069F6FB /* guudpwhiteboard */,
			);
		};
/* End PBXProject section */

/* Begin PBXResourcesBuildPhase section */
		F1C94D6E1555CA8E00B717DF /* Resources */ = {
			isa = PBXResourcesBuildPhase;
			buildActionMask = 2147483647;
			files = (
				F1C94D7C1555CA8E00B717DF /* InfoPlist.strings in Resources */,
			);
			runOnlyForDeploymentPostprocessing = 0;
		};
		F1D925ED14A13BAA00BDAEED /* Resources */ = {
			isa = PBXResourcesBuildPhase;
			buildActionMask = 2147483647;
			files = (
				F1D925FF14A13BAA00BDAEED /* InfoPlist.strings in Resources */,
			);
			runOnlyForDeploymentPostprocessing = 0;
		};
/* End PBXResourcesBuildPhase section */

/* Begin PBXShellScriptBuildPhase section */
		F1C94D6F1555CA8E00B717DF /* ShellScript */ = {
			isa = PBXShellScriptBuildPhase;
			buildActionMask = 2147483647;
			files = (
			);
			inputPaths = (
			);
			outputPaths = (
			);
			runOnlyForDeploymentPostprocessing = 0;
			shellPath = /bin/sh;
			shellScript = "# Run the unit tests in this test bundle.\n\"${SYSTEM_DEVELOPER_DIR}/Tools/RunUnitTests\"\n";
		};
		F1D925EE14A13BAA00BDAEED /* ShellScript */ = {
			isa = PBXShellScriptBuildPhase;
			buildActionMask = 2147483647;
			files = (
			);
			inputPaths = (
			);
			outputPaths = (
			);
			runOnlyForDeploymentPostprocessing = 0;
			shellPath = /bin/sh;
			shellScript = "# Run the unit tests in this test bundle.\n\"${SYSTEM_DEVELOPER_DIR}/Tools/RunUnitTests\"\n";
		};
/* End PBXShellScriptBuildPhase section */

/* Begin PBXSourcesBuildPhase section */
		F11BC0B8176123DB0069F6FB /* Sources */ = {
			isa = PBXSourcesBuildPhase;
			buildActionMask = 2147483647;
			files = (
				F11BC0BF176123DB0069F6FB /* main.cpp in Sources */,
				F11BC0C5176124510069F6FB /* udp_util.cpp in Sources */,
				F11BC0C6176124510069F6FB /* udp_sender.cpp in Sources */,
				F11BC0C7176124510069F6FB /* udp_receiver.cpp in Sources */,
				F11BC114176124D50069F6FB /* gu_util.cpp in Sources */,
			);
			runOnlyForDeploymentPostprocessing = 0;
		};
		F14C46AB14A064D8006B6953 /* Sources */ = {
			isa = PBXSourcesBuildPhase;
			buildActionMask = 2147483647;
			files = (
				C3DE479A16D604C00098F502 /* gu_util.cpp in Sources */,
				F14C46C414A07024006B6953 /* gusimplewhiteboard.c in Sources */,
				C378DFF416C4A48700CF6983 /* Whiteboard.cc in Sources */,
				C3DE479816D5FD950098F502 /* gugenericwhiteboardobject.cpp in Sources */,
				F14514821760339E002DBD38 /* guwhiteboardtypelist_c_typestrings_generated.c in Sources */,
				8B19F9C017A2349600CF2365 /* tcp_receiver.cpp in Sources */,
				8B19F9C317A772C400CF2365 /* gutcpinjectionwhiteboardobject.cpp in Sources */,
			);
			runOnlyForDeploymentPostprocessing = 0;
		};
		F1C94D601555CA8E00B717DF /* Sources */ = {
			isa = PBXSourcesBuildPhase;
			buildActionMask = 2147483647;
			files = (
				F1C94D6B1555CA8E00B717DF /* ObjCWhiteboard.mm in Sources */,
				C31EE6AE155BA7DF00D55934 /* guudpBroadcaster.cpp in Sources */,
				C31EE6AF155BA7DF00D55934 /* guudpListener.cpp in Sources */,
				C31EE6B0155BA7DF00D55934 /* guudpManager.cpp in Sources */,
				C31EE6B1155BA7DF00D55934 /* guudpUtil.cpp in Sources */,
				C31EE6B4155BA83B00D55934 /* gu_util.cpp in Sources */,
				F166897D155CBBF400AFA55E /* gu_util.cpp in Sources */,
				F17380BD16CA032F00485FD8 /* guudpSerialize.c in Sources */,
				F17380BF16CA035100485FD8 /* guudpWhiteboardLayer.cpp in Sources */,
				F1668981155CBC3200AFA55E /* RemoteWhiteboard.cc in Sources */,
			);
			runOnlyForDeploymentPostprocessing = 0;
		};
		F1C94D6C1555CA8E00B717DF /* Sources */ = {
			isa = PBXSourcesBuildPhase;
			buildActionMask = 2147483647;
			files = (
				F1C94D7F1555CA8E00B717DF /* guobjcwhiteboardTests.m in Sources */,
				F166897E155CBBF400AFA55E /* gu_util.cpp in Sources */,
			);
			runOnlyForDeploymentPostprocessing = 0;
		};
		F1C94D9F1555D3C300B717DF /* Sources */ = {
			isa = PBXSourcesBuildPhase;
			buildActionMask = 2147483647;
			files = (
				F1C94DAB1555D3C300B717DF /* gusimplewhiteboardios.m in Sources */,
				F1C94DAF1555D3F500B717DF /* gusimplewhiteboard.c in Sources */,
				F1C94DB01555D3F500B717DF /* RemoteWhiteboard.cc in Sources */,
				F1C94DB31555D40200B717DF /* ObjCWhiteboard.mm in Sources */,
				F1C94DB41555D44D00B717DF /* guudpBroadcaster.cpp in Sources */,
				F1C94DB51555D44D00B717DF /* guudpListener.cpp in Sources */,
				F1C94DB61555D44D00B717DF /* guudpManager.cpp in Sources */,
				F1C94DB71555D44D00B717DF /* guudpUtil.cpp in Sources */,
				F1668980155CBC2400AFA55E /* gu_util.cpp in Sources */,
				C378DFF516C4A48800CF6983 /* Whiteboard.cc in Sources */,
				C3DE479916D5FD950098F502 /* gugenericwhiteboardobject.cpp in Sources */,
			);
			runOnlyForDeploymentPostprocessing = 0;
		};
		F1D925EB14A13BAA00BDAEED /* Sources */ = {
			isa = PBXSourcesBuildPhase;
			buildActionMask = 2147483647;
			files = (
				F1D9260214A13BAA00BDAEED /* SimpleWhiteboardTest.mm in Sources */,
				F14514831760339E002DBD38 /* guwhiteboardtypelist_c_typestrings_generated.c in Sources */,
			);
			runOnlyForDeploymentPostprocessing = 0;
		};
/* End PBXSourcesBuildPhase section */

/* Begin PBXTargetDependency section */
		F11BC0C9176124760069F6FB /* PBXTargetDependency */ = {
			isa = PBXTargetDependency;
			target = F14C46AE14A064D8006B6953 /* gusimplewhiteboard */;
			targetProxy = F11BC0C8176124760069F6FB /* PBXContainerItemProxy */;
		};
		F1C94D751555CA8E00B717DF /* PBXTargetDependency */ = {
			isa = PBXTargetDependency;
			target = F1C94D631555CA8E00B717DF /* guobjcwhiteboard */;
			targetProxy = F1C94D741555CA8E00B717DF /* PBXContainerItemProxy */;
		};
		F1C94D8B1555CD1E00B717DF /* PBXTargetDependency */ = {
			isa = PBXTargetDependency;
			target = F14C46AE14A064D8006B6953 /* gusimplewhiteboard */;
			targetProxy = F1C94D8A1555CD1E00B717DF /* PBXContainerItemProxy */;
		};
		F1D9260914A13BC200BDAEED /* PBXTargetDependency */ = {
			isa = PBXTargetDependency;
			target = F14C46AE14A064D8006B6953 /* gusimplewhiteboard */;
			targetProxy = F1D9260814A13BC200BDAEED /* PBXContainerItemProxy */;
		};
/* End PBXTargetDependency section */

/* Begin PBXVariantGroup section */
		F1C94D7A1555CA8E00B717DF /* InfoPlist.strings */ = {
			isa = PBXVariantGroup;
			children = (
				F1C94D7B1555CA8E00B717DF /* en */,
			);
			name = InfoPlist.strings;
			sourceTree = "<group>";
		};
		F1D925FD14A13BAA00BDAEED /* InfoPlist.strings */ = {
			isa = PBXVariantGroup;
			children = (
				F1D925FE14A13BAA00BDAEED /* en */,
			);
			name = InfoPlist.strings;
			sourceTree = "<group>";
		};
/* End PBXVariantGroup section */

/* Begin XCBuildConfiguration section */
		F11BC0C2176123DB0069F6FB /* Debug */ = {
			isa = XCBuildConfiguration;
			buildSettings = {
				ARCHS = "$(ARCHS_STANDARD_64_BIT)";
				CLANG_CXX_LANGUAGE_STANDARD = "gnu++0x";
				CLANG_CXX_LIBRARY = "libc++";
				CLANG_WARN_CONSTANT_CONVERSION = YES;
				CLANG_WARN_EMPTY_BODY = YES;
				CLANG_WARN_ENUM_CONVERSION = YES;
				CLANG_WARN_INT_CONVERSION = YES;
				CLANG_WARN__DUPLICATE_METHOD_MATCH = YES;
				GCC_PREPROCESSOR_DEFINITIONS = (
					"DEBUG=1",
					"$(inherited)",
				);
				MACOSX_DEPLOYMENT_TARGET = 10.8;
				PRODUCT_NAME = "$(TARGET_NAME)";
			};
			name = Debug;
		};
		F11BC0C3176123DB0069F6FB /* Release */ = {
			isa = XCBuildConfiguration;
			buildSettings = {
				ARCHS = "$(ARCHS_STANDARD_64_BIT)";
				CLANG_CXX_LANGUAGE_STANDARD = "gnu++0x";
				CLANG_CXX_LIBRARY = "libc++";
				CLANG_WARN_CONSTANT_CONVERSION = YES;
				CLANG_WARN_EMPTY_BODY = YES;
				CLANG_WARN_ENUM_CONVERSION = YES;
				CLANG_WARN_INT_CONVERSION = YES;
				CLANG_WARN__DUPLICATE_METHOD_MATCH = YES;
				COPY_PHASE_STRIP = YES;
				MACOSX_DEPLOYMENT_TARGET = 10.8;
				PRODUCT_NAME = "$(TARGET_NAME)";
			};
			name = Release;
		};
		F14C46B114A064D8006B6953 /* Debug */ = {
			isa = XCBuildConfiguration;
			buildSettings = {
				ALWAYS_SEARCH_USER_PATHS = NO;
				ARCHS = "$(NATIVE_ARCH_ACTUAL)";
				CLANG_CXX_LANGUAGE_STANDARD = "c++0x";
				COPY_PHASE_STRIP = NO;
				GCC_C_LANGUAGE_STANDARD = gnu99;
				GCC_DYNAMIC_NO_PIC = NO;
				GCC_ENABLE_OBJC_EXCEPTIONS = YES;
				GCC_OPTIMIZATION_LEVEL = 0;
				GCC_PREPROCESSOR_DEFINITIONS = "$(inherited)";
				GCC_SYMBOLS_PRIVATE_EXTERN = NO;
				GCC_VERSION = com.apple.compilers.llvm.clang.1_0;
				GCC_WARN_64_TO_32_BIT_CONVERSION = YES;
				GCC_WARN_ABOUT_RETURN_TYPE = YES;
				GCC_WARN_UNINITIALIZED_AUTOS = YES;
				GCC_WARN_UNUSED_VARIABLE = YES;
				HEADER_SEARCH_PATHS = (
					"$(SRCROOT)/../gusimplewhiteboard",
					"$(SRCROOT)/../gusimplewhiteboard/guudpbridge",
					"$(SRCROOT)/../../Common",
				);
				MACOSX_DEPLOYMENT_TARGET = 10.7;
				ONLY_ACTIVE_ARCH = YES;
				SDKROOT = macosx;
			};
			name = Debug;
		};
		F14C46B214A064D8006B6953 /* Release */ = {
			isa = XCBuildConfiguration;
			buildSettings = {
				ALWAYS_SEARCH_USER_PATHS = NO;
				ARCHS = "$(ARCHS_STANDARD_32_64_BIT)";
				CLANG_CXX_LANGUAGE_STANDARD = "c++0x";
				COPY_PHASE_STRIP = NO;
				DEBUG_INFORMATION_FORMAT = "dwarf-with-dsym";
				GCC_C_LANGUAGE_STANDARD = gnu99;
				GCC_ENABLE_OBJC_EXCEPTIONS = YES;
				GCC_VERSION = com.apple.compilers.llvm.clang.1_0;
				GCC_WARN_64_TO_32_BIT_CONVERSION = YES;
				GCC_WARN_ABOUT_RETURN_TYPE = YES;
				GCC_WARN_UNINITIALIZED_AUTOS = YES;
				GCC_WARN_UNUSED_VARIABLE = YES;
				HEADER_SEARCH_PATHS = (
					"$(SRCROOT)/../gusimplewhiteboard",
					"$(SRCROOT)/../gusimplewhiteboard/guudpbridge",
					"$(SRCROOT)/../../Common",
				);
				MACOSX_DEPLOYMENT_TARGET = 10.7;
				SDKROOT = macosx;
			};
			name = Release;
		};
		F14C46B414A064D8006B6953 /* Debug */ = {
			isa = XCBuildConfiguration;
			buildSettings = {
				EXECUTABLE_PREFIX = lib;
				HEADER_SEARCH_PATHS = (
					"./**",
					"$(SRCROOT)/../../Common",
				);
				PRODUCT_NAME = "$(TARGET_NAME)";
			};
			name = Debug;
		};
		F14C46B514A064D8006B6953 /* Release */ = {
			isa = XCBuildConfiguration;
			buildSettings = {
				EXECUTABLE_PREFIX = lib;
				HEADER_SEARCH_PATHS = (
					"./**",
					"$(SRCROOT)/../../Common",
				);
				PRODUCT_NAME = "$(TARGET_NAME)";
			};
			name = Release;
		};
		F1C94D801555CA8E00B717DF /* Debug */ = {
			isa = XCBuildConfiguration;
			buildSettings = {
				FRAMEWORK_SEARCH_PATHS = (
					"$(inherited)",
					"\"$(SYSTEM_APPS_DIR)/Xcode.app/Contents/Developer/Library/Frameworks\"",
				);
				GCC_PRECOMPILE_PREFIX_HEADER = YES;
				GCC_PREFIX_HEADER = "guobjcwhiteboard/guobjcwhiteboard-Prefix.pch";
				GCC_PREPROCESSOR_DEFINITIONS = "$(inherited)";
				PRODUCT_NAME = "$(TARGET_NAME)";
			};
			name = Debug;
		};
		F1C94D811555CA8E00B717DF /* Release */ = {
			isa = XCBuildConfiguration;
			buildSettings = {
				FRAMEWORK_SEARCH_PATHS = (
					"$(inherited)",
					"\"$(SYSTEM_APPS_DIR)/Xcode.app/Contents/Developer/Library/Frameworks\"",
				);
				GCC_PRECOMPILE_PREFIX_HEADER = YES;
				GCC_PREFIX_HEADER = "guobjcwhiteboard/guobjcwhiteboard-Prefix.pch";
				PRODUCT_NAME = "$(TARGET_NAME)";
			};
			name = Release;
		};
		F1C94D821555CA8E00B717DF /* Debug */ = {
			isa = XCBuildConfiguration;
			buildSettings = {
				FRAMEWORK_SEARCH_PATHS = "$(DEVELOPER_LIBRARY_DIR)/Frameworks";
				GCC_PRECOMPILE_PREFIX_HEADER = YES;
				GCC_PREFIX_HEADER = "guobjcwhiteboard/guobjcwhiteboard-Prefix.pch";
				INFOPLIST_FILE = "guobjcwhiteboardTests/guobjcwhiteboardTests-Info.plist";
				PRODUCT_NAME = "$(TARGET_NAME)";
				WRAPPER_EXTENSION = octest;
			};
			name = Debug;
		};
		F1C94D831555CA8E00B717DF /* Release */ = {
			isa = XCBuildConfiguration;
			buildSettings = {
				FRAMEWORK_SEARCH_PATHS = "$(DEVELOPER_LIBRARY_DIR)/Frameworks";
				GCC_PRECOMPILE_PREFIX_HEADER = YES;
				GCC_PREFIX_HEADER = "guobjcwhiteboard/guobjcwhiteboard-Prefix.pch";
				INFOPLIST_FILE = "guobjcwhiteboardTests/guobjcwhiteboardTests-Info.plist";
				PRODUCT_NAME = "$(TARGET_NAME)";
				WRAPPER_EXTENSION = octest;
			};
			name = Release;
		};
		F1C94DAD1555D3C300B717DF /* Debug */ = {
			isa = XCBuildConfiguration;
			buildSettings = {
				ARCHS = "$(ARCHS_STANDARD_32_BIT)";
				COPY_PHASE_STRIP = NO;
				DSTROOT = /tmp/gusimplewhiteboardios.dst;
				GCC_PRECOMPILE_PREFIX_HEADER = YES;
				GCC_PREFIX_HEADER = "gusimplewhiteboardios/gusimplewhiteboardios-Prefix.pch";
				IPHONEOS_DEPLOYMENT_TARGET = 5.1;
				OTHER_LDFLAGS = "-ObjC";
				PRODUCT_NAME = "$(TARGET_NAME)";
				SDKROOT = iphoneos;
				SKIP_INSTALL = YES;
			};
			name = Debug;
		};
		F1C94DAE1555D3C300B717DF /* Release */ = {
			isa = XCBuildConfiguration;
			buildSettings = {
				ARCHS = "$(ARCHS_STANDARD_32_BIT)";
				COPY_PHASE_STRIP = NO;
				DSTROOT = /tmp/gusimplewhiteboardios.dst;
				GCC_PRECOMPILE_PREFIX_HEADER = YES;
				GCC_PREFIX_HEADER = "gusimplewhiteboardios/gusimplewhiteboardios-Prefix.pch";
				IPHONEOS_DEPLOYMENT_TARGET = 5.1;
				OTHER_LDFLAGS = "-ObjC";
				PRODUCT_NAME = "$(TARGET_NAME)";
				SDKROOT = iphoneos;
				SKIP_INSTALL = YES;
				VALIDATE_PRODUCT = YES;
			};
			name = Release;
		};
		F1D9260414A13BAA00BDAEED /* Debug */ = {
			isa = XCBuildConfiguration;
			buildSettings = {
				FRAMEWORK_SEARCH_PATHS = "$(DEVELOPER_LIBRARY_DIR)/Frameworks";
				GCC_PRECOMPILE_PREFIX_HEADER = YES;
				GCC_PREFIX_HEADER = "SimpleWhiteboardTest/SimpleWhiteboardTest-Prefix.pch";
				INFOPLIST_FILE = "SimpleWhiteboardTest/SimpleWhiteboardTest-Info.plist";
				PRODUCT_NAME = "$(TARGET_NAME)";
				WRAPPER_EXTENSION = octest;
			};
			name = Debug;
		};
		F1D9260514A13BAA00BDAEED /* Release */ = {
			isa = XCBuildConfiguration;
			buildSettings = {
				FRAMEWORK_SEARCH_PATHS = "$(DEVELOPER_LIBRARY_DIR)/Frameworks";
				GCC_PRECOMPILE_PREFIX_HEADER = YES;
				GCC_PREFIX_HEADER = "SimpleWhiteboardTest/SimpleWhiteboardTest-Prefix.pch";
				INFOPLIST_FILE = "SimpleWhiteboardTest/SimpleWhiteboardTest-Info.plist";
				PRODUCT_NAME = "$(TARGET_NAME)";
				WRAPPER_EXTENSION = octest;
			};
			name = Release;
		};
/* End XCBuildConfiguration section */

/* Begin XCConfigurationList section */
		F11BC0C4176123DB0069F6FB /* Build configuration list for PBXNativeTarget "guudpwhiteboard" */ = {
			isa = XCConfigurationList;
			buildConfigurations = (
				F11BC0C2176123DB0069F6FB /* Debug */,
				F11BC0C3176123DB0069F6FB /* Release */,
			);
			defaultConfigurationIsVisible = 0;
			defaultConfigurationName = Release;
		};
		F14C46A914A064D8006B6953 /* Build configuration list for PBXProject "gusimplewhiteboard" */ = {
			isa = XCConfigurationList;
			buildConfigurations = (
				F14C46B114A064D8006B6953 /* Debug */,
				F14C46B214A064D8006B6953 /* Release */,
			);
			defaultConfigurationIsVisible = 0;
			defaultConfigurationName = Release;
		};
		F14C46B314A064D8006B6953 /* Build configuration list for PBXNativeTarget "gusimplewhiteboard" */ = {
			isa = XCConfigurationList;
			buildConfigurations = (
				F14C46B414A064D8006B6953 /* Debug */,
				F14C46B514A064D8006B6953 /* Release */,
			);
			defaultConfigurationIsVisible = 0;
			defaultConfigurationName = Release;
		};
		F1C94D841555CA8E00B717DF /* Build configuration list for PBXNativeTarget "guobjcwhiteboard" */ = {
			isa = XCConfigurationList;
			buildConfigurations = (
				F1C94D801555CA8E00B717DF /* Debug */,
				F1C94D811555CA8E00B717DF /* Release */,
			);
			defaultConfigurationIsVisible = 0;
			defaultConfigurationName = Release;
		};
		F1C94D851555CA8E00B717DF /* Build configuration list for PBXNativeTarget "guobjcwhiteboardTests" */ = {
			isa = XCConfigurationList;
			buildConfigurations = (
				F1C94D821555CA8E00B717DF /* Debug */,
				F1C94D831555CA8E00B717DF /* Release */,
			);
			defaultConfigurationIsVisible = 0;
			defaultConfigurationName = Release;
		};
		F1C94DAC1555D3C300B717DF /* Build configuration list for PBXNativeTarget "gusimplewhiteboardios" */ = {
			isa = XCConfigurationList;
			buildConfigurations = (
				F1C94DAD1555D3C300B717DF /* Debug */,
				F1C94DAE1555D3C300B717DF /* Release */,
			);
			defaultConfigurationIsVisible = 0;
			defaultConfigurationName = Release;
		};
		F1D9260614A13BAA00BDAEED /* Build configuration list for PBXNativeTarget "SimpleWhiteboardTest" */ = {
			isa = XCConfigurationList;
			buildConfigurations = (
				F1D9260414A13BAA00BDAEED /* Debug */,
				F1D9260514A13BAA00BDAEED /* Release */,
			);
			defaultConfigurationIsVisible = 0;
			defaultConfigurationName = Release;
		};
/* End XCConfigurationList section */
	};
	rootObject = F14C46A614A064D8006B6953 /* Project object */;
}
